
Microsoft Visual Studio Solution File, Format Version 12.00
# Visual Studio 2013
VisualStudioVersion = 12.0.30324.0
MinimumVisualStudioVersion = 10.0.40219.1
Project("{8BC9CEB8-8B4A-11D0-8D11-00A0C91BC942}") = "ReplaceSpacesByPercent20", "ReplaceSpacesByPercent20\ReplaceSpacesByPercent20\ReplaceSpacesByPercent20.vcxproj", "{BDB0A562-68DE-4DC0-BA0B-45AA7776F28B}"
EndProject
Project("{8BC9CEB8-8B4A-11D0-8D11-00A0C91BC942}") = "FindCharactersJustAppearOnceArray", "FindCharactersJustAppearOnceArray\FindCharactersJustAppearOnceArray\FindCharactersJustAppearOnceArray.vcxproj", "{3753D10B-3588-4D02-BD39-ECD8F5CBB25F}"
EndProject
Project("{8BC9CEB8-8B4A-11D0-8D11-00A0C91BC942}") = "BinarySearchFindPivotRotatedArray", "FindPivotRotatedArray\FindPivotRotatedArray\FindPivotRotatedArray.vcxproj", "{E26EAAF2-A08C-4C3B-9BA3-342B3C62FE34}"
EndProject
Project("{8BC9CEB8-8B4A-11D0-8D11-00A0C91BC942}") = "FindValueEqualsIndexOrderedArray", "FindValueEqualsIndexOrderedArray\FindValueEqualsIndexOrderedArray\FindValueEqualsIndexOrderedArray.vcxproj", "{DFF67767-F0E3-4CE3-B7A7-25A6C809D8B6}"
EndProject
Project("{8BC9CEB8-8B4A-11D0-8D11-00A0C91BC942}") = "BinarySearchFindElementRotatedArray", "FindElementRotatedArray\FindElementRotatedArray\FindElementRotatedArray.vcxproj", "{5FA52543-4F16-4687-8EFA-93019806CEEF}"
EndProject
Project("{8BC9CEB8-8B4A-11D0-8D11-00A0C91BC942}") = "ReverseString", "ReverseString\ReverseString.vcxproj", "{7918002D-C205-49F3-A4EF-33D428E8D89D}"
EndProject
Project("{8BC9CEB8-8B4A-11D0-8D11-00A0C91BC942}") = "CheckTwoStringsHaveSameCharacterCount", "CheckTwoStringsHaveSameCharacterCount\CheckTwoStringsHaveSameCharacterCount.vcxproj", "{CD45547F-D38E-41D5-87F7-9CF59716169C}"
EndProject
Project("{8BC9CEB8-8B4A-11D0-8D11-00A0C91BC942}") = "RecursionGenerateAllCombinationsString", "GenerateAllCombinationsString\GenerateAllCombinationsString.vcxproj", "{FC398C74-CA57-4BE9-B995-D7ACA70EE76E}"
EndProject
Project("{8BC9CEB8-8B4A-11D0-8D11-00A0C91BC942}") = "BinarySearchFindGapOrderedSequentialArray", "FindGapOrderedSequentialArray\FindGapOrderedSequentialArray.vcxproj", "{696C77AD-8F12-47B9-B3C8-BBE4343DE8F2}"
EndProject
Project("{8BC9CEB8-8B4A-11D0-8D11-00A0C91BC942}") = "SortArrayJustChangingFirstPosition", "OrderArrayJustChaningFirstPosition\OrderArrayJustChaningFirstPosition.vcxproj", "{18BB9DD0-B1BA-4506-8D3E-CFB3F8AE7B21}"
EndProject
Project("{8BC9CEB8-8B4A-11D0-8D11-00A0C91BC942}") = "FindAngleBetweenClockHands", "FindAngleBetweenClockHands\FindAngleBetweenClockHands.vcxproj", "{B58D7901-4971-481C-A9AA-9C8A89CFF925}"
EndProject
Project("{8BC9CEB8-8B4A-11D0-8D11-00A0C91BC942}") = "ListIntersection", "ListIntersection\ListIntersection.vcxproj", "{29B59971-1464-483B-8CC2-8CB228A9954E}"
EndProject
Project("{8BC9CEB8-8B4A-11D0-8D11-00A0C91BC942}") = "SortRadixSort", "RadixSort\RadixSort.vcxproj", "{3ECE123F-A65A-4404-99A1-B498BE452F8A}"
EndProject
Project("{8BC9CEB8-8B4A-11D0-8D11-00A0C91BC942}") = "RecursionCanSum", "CanSum\CanSum.vcxproj", "{50F8C83F-57FC-446E-86E6-333A98946BD7}"
EndProject
Project("{8BC9CEB8-8B4A-11D0-8D11-00A0C91BC942}") = "RecursionPrintBinary", "printBinary\printBinary.vcxproj", "{A6D1AB18-DE60-4FB4-ADBC-F15D457506A7}"
EndProject
Project("{8BC9CEB8-8B4A-11D0-8D11-00A0C91BC942}") = "SortHeapSort", "HeapSort\HeapSort.vcxproj", "{BF89F71C-CBFB-4970-9789-EE7BCED440C5}"
EndProject
Project("{8BC9CEB8-8B4A-11D0-8D11-00A0C91BC942}") = "Rabin-Karp", "Rabin-Karp\Rabin-Karp.vcxproj", "{308B8E10-1CC0-4ACA-9705-A44FB076D1F1}"
EndProject
Project("{8BC9CEB8-8B4A-11D0-8D11-00A0C91BC942}") = "RecursionProbabilityAnyEvent", "ProbabilityAnyEvent\ProbabilityAnyEvent.vcxproj", "{9175D3AA-9855-46F9-9BB6-3BE7FD0BC29E}"
EndProject
Project("{8BC9CEB8-8B4A-11D0-8D11-00A0C91BC942}") = "LongestIncreasingSubsequence", "LongestIncreasingSubsequence\LongestIncreasingSubsequence.vcxproj", "{42376548-1B90-4250-AC65-AC38858534A6}"
EndProject
Project("{8BC9CEB8-8B4A-11D0-8D11-00A0C91BC942}") = "BinarySearchBissection", "Bissection\Bissection.vcxproj", "{DFCD5371-F074-4C45-94A8-78B7E7D6D149}"
EndProject
Project("{8BC9CEB8-8B4A-11D0-8D11-00A0C91BC942}") = "DynamicProgrammingBinomialCoeficient", "BinomialCoeficient\BinomialCoeficient.vcxproj", "{178054A6-AADB-43A9-8861-6252D7F0F5C9}"
EndProject
Project("{8BC9CEB8-8B4A-11D0-8D11-00A0C91BC942}") = "DynamicProgrammingStringDistance", "StringDistance\StringDistance.vcxproj", "{618C39D5-4AF2-4BB5-BD7B-890DE8933295}"
EndProject
Project("{8BC9CEB8-8B4A-11D0-8D11-00A0C91BC942}") = "MathExpression", "MathExpression\MathExpression.vcxproj", "{62C2802F-D4D0-4635-9296-6EEC7B409E9E}"
EndProject
Project("{8BC9CEB8-8B4A-11D0-8D11-00A0C91BC942}") = "BinaryTreeLowerCommonAncestor", "LowerCommonAncestor\LowerCommonAncestor.vcxproj", "{E1B0E4AD-4726-417A-B828-3F917C864143}"
EndProject
Project("{8BC9CEB8-8B4A-11D0-8D11-00A0C91BC942}") = "BinaryTreeHasNoDupplicates", "BinaryTreeHasNoDupplicates\BinaryTreeHasNoDupplicates.vcxproj", "{056B1C70-4D7E-461C-8D73-313E07F6F367}"
EndProject
Project("{8BC9CEB8-8B4A-11D0-8D11-00A0C91BC942}") = "GraphDjkstra", "Djkstra\Djkstra.vcxproj", "{3A565D0B-90E9-48FF-B6E1-92D89F995665}"
EndProject
Project("{8BC9CEB8-8B4A-11D0-8D11-00A0C91BC942}") = "LinkedListQueue", "Queue\Queue.vcxproj", "{DEACAD9F-EA3C-42CC-9DAB-70308FC3A2FA}"
EndProject
Project("{8BC9CEB8-8B4A-11D0-8D11-00A0C91BC942}") = "FixedSizeBuffer", "FixedSizeBuffer\FixedSizeBuffer.vcxproj", "{CF501B28-5DE7-4DF8-9125-93F563D9FA97}"
EndProject
Project("{8BC9CEB8-8B4A-11D0-8D11-00A0C91BC942}") = "CompressString", "CompressString\CompressString.vcxproj", "{51D452BD-7773-4E87-82C3-82E5A996F17D}"
EndProject
Project("{8BC9CEB8-8B4A-11D0-8D11-00A0C91BC942}") = "KeyValueParser", "KeyValueParser\KeyValueParser.vcxproj", "{CE49C88F-ED8B-4763-96CD-A66069F9C65D}"
EndProject
Project("{8BC9CEB8-8B4A-11D0-8D11-00A0C91BC942}") = "LinkedListMergeOrdered", "MergeOrderedLinkedLists\MergeOrderedLinkedLists.vcxproj", "{11B2EAB5-17E4-4A28-BD18-748C994C9AEC}"
EndProject
Project("{8BC9CEB8-8B4A-11D0-8D11-00A0C91BC942}") = "LinkedListBubbleSort", "BubbleSortLinkedList\BubbleSortLinkedList.vcxproj", "{B7A19B14-BC16-4085-B206-53E78D1E4F61}"
EndProject
Project("{8BC9CEB8-8B4A-11D0-8D11-00A0C91BC942}") = "ReverseWordsString", "ReverseWordsString\ReverseWordsString.vcxproj", "{3E9315AB-2F95-4CFC-922E-D6AC850C15FE}"
EndProject
Project("{8BC9CEB8-8B4A-11D0-8D11-00A0C91BC942}") = "IsRotatedString", "IsRotatedString\IsRotatedString.vcxproj", "{F0F12F33-CEE9-4B3F-9E55-2D880898AD18}"
EndProject
Project("{8BC9CEB8-8B4A-11D0-8D11-00A0C91BC942}") = "IsSubstring", "IsSubstring\IsSubstring.vcxproj", "{27DAF113-9CEC-463C-919E-3395B637D165}"
EndProject
Project("{8BC9CEB8-8B4A-11D0-8D11-00A0C91BC942}") = "BiggestSubstring", "BiggestSubstring\BiggestSubstring.vcxproj", "{6020828A-EB43-4084-A3BD-D3FC66B00770}"
EndProject
Project("{8BC9CEB8-8B4A-11D0-8D11-00A0C91BC942}") = "LargestSequenceRepeatedCharacters", "LargestSequenceRepeatedCharacters\LargestSequenceRepeatedCharacters.vcxproj", "{668A5AF7-A4BF-4E08-A6B9-53761096B5CF}"
EndProject
Project("{8BC9CEB8-8B4A-11D0-8D11-00A0C91BC942}") = "StringRemoveInplaceCharICharA", "StringRemoveInplaceCharICharA\StringRemoveInplaceCharICharA.vcxproj", "{4574C337-78A5-4E24-A26F-A9112C32E81A}"
EndProject
Project("{8BC9CEB8-8B4A-11D0-8D11-00A0C91BC942}") = "StringContainsPermutationSubstring", "StringContainsPermutationSubstring\StringContainsPermutationSubstring.vcxproj", "{33CF45AD-A743-4001-B7E0-2261D9D7FA1F}"
EndProject
Project("{8BC9CEB8-8B4A-11D0-8D11-00A0C91BC942}") = "ZeroMatrixLinesColumnsWithDigitOne", "ZeroMatrixLinesColumnsWithDigitOne\ZeroMatrixLinesColumnsWithDigitOne.vcxproj", "{0A40C321-445F-4EC4-9213-625F2D0862D3}"
EndProject
Project("{8BC9CEB8-8B4A-11D0-8D11-00A0C91BC942}") = "LinkedListFindMthToLastElement", "FindMthToLastElementLinkedList\FindMthToLastElementLinkedList.vcxproj", "{36AD2CF1-6FF9-440B-A7BA-8F14D8D6AB9E}"
EndProject
Project("{8BC9CEB8-8B4A-11D0-8D11-00A0C91BC942}") = "LinkedListMiddle", "LinkedListMiddle\LinkedListMiddle.vcxproj", "{8A989FF6-103C-4728-B0F8-AD18214FDA22}"
EndProject
Project("{8BC9CEB8-8B4A-11D0-8D11-00A0C91BC942}") = "LinkedListHasCycle", "LinkedListHasCycle\LinkedListHasCycle.vcxproj", "{D4ADED3D-5FD5-40CF-A023-0E6D9478FF85}"
EndProject
Project("{8BC9CEB8-8B4A-11D0-8D11-00A0C91BC942}") = "LinkedListFlattening", "LinkedListFlattenning\LinkedListFlattenning.vcxproj", "{CB0012C5-145F-4ABA-900A-15D1C5FB9BC5}"
EndProject
Project("{8BC9CEB8-8B4A-11D0-8D11-00A0C91BC942}") = "IsPalindromeIgnoringWhiteSpaceSpecialCharsLowerUpperCase", "IsPalindromeIgnoringWhiteSpaceSpecialCharsLowerUpperCase\IsPalindromeIgnoringWhiteSpaceSpecialCharsLowerUpperCase.vcxproj", "{5D65C404-87A8-4CDD-8D03-A02C9A318E38}"
EndProject
Project("{8BC9CEB8-8B4A-11D0-8D11-00A0C91BC942}") = "FindIndexOfNumberString", "FindIndexOfNumberString\FindIndexOfNumberString.vcxproj", "{4CFCC8B7-F4EF-4936-BFAA-ECAB62C9F2D6}"
EndProject
Project("{8BC9CEB8-8B4A-11D0-8D11-00A0C91BC942}") = "BinaryTreeCountLeafNodes", "BinaryTreeCountLeafNodes\BinaryTreeCountLeafNodes.vcxproj", "{301DB701-95F7-48F9-B45F-2A45CFDBDDDC}"
EndProject
Project("{8BC9CEB8-8B4A-11D0-8D11-00A0C91BC942}") = "BinaryTreePrintNodesKDistance", "BinaryTreePrintNodesKDistance\BinaryTreePrintNodesKDistance.vcxproj", "{B3AE1930-6829-4606-AD9D-9778D094E54D}"
EndProject
Project("{8BC9CEB8-8B4A-11D0-8D11-00A0C91BC942}") = "BinaryTreePrintKDistanceNodesFromLeaf", "BinaryTreePrintKDistanceNodesFromLeaf\BinaryTreePrintKDistanceNodesFromLeaf.vcxproj", "{D448DD48-EA48-45F1-AA93-D138DCCBCB2D}"
EndProject
Project("{8BC9CEB8-8B4A-11D0-8D11-00A0C91BC942}") = "BinaryTreeRightView", "BinaryTreeRightView\BinaryTreeRightView.vcxproj", "{FD5C46E2-CF8F-419E-BC2D-EE84E18C9119}"
EndProject
Project("{8BC9CEB8-8B4A-11D0-8D11-00A0C91BC942}") = "BinaryTreeInterval", "BinaryTreeInterval\BinaryTreeInterval.vcxproj", "{0EED7C05-B1B9-429A-B24B-09BE481AEA29}"
EndProject
Project("{8BC9CEB8-8B4A-11D0-8D11-00A0C91BC942}") = "BinaryTreePrintAncestors", "BinaryTreePrintAncestors\BinaryTreePrintAncestors.vcxproj", "{BB275C47-2FB3-4DA4-92D7-93AD9E2A2575}"
EndProject
Project("{8BC9CEB8-8B4A-11D0-8D11-00A0C91BC942}") = "BinaryTreePrintDescendants", "BinaryTreePrintDescendants\BinaryTreePrintDescendants.vcxproj", "{CDF2C48C-B7AD-4122-973B-0F4CF0E19F75}"
EndProject
Project("{8BC9CEB8-8B4A-11D0-8D11-00A0C91BC942}") = "BinaryTreeFindRankedNode", "BinaryTreeFindRankedNode\BinaryTreeFindRankedNode.vcxproj", "{395F864C-755A-44BC-ACEC-6E874A596463}"
EndProject
Project("{8BC9CEB8-8B4A-11D0-8D11-00A0C91BC942}") = "BacktrackingNQueens", "BacktrackingNQueens\BacktrackingNQueens.vcxproj", "{97A54E8D-28AB-4D5F-BD3F-39EB3615ABE5}"
EndProject
Project("{8BC9CEB8-8B4A-11D0-8D11-00A0C91BC942}") = "BackTrackingMissionaryCannibal", "BackTrackingMissionaryCannibal\BackTrackingMissionaryCannibal.vcxproj", "{07D6475E-B102-45C8-A1F9-230FC2CF9A09}"
EndProject
Project("{8BC9CEB8-8B4A-11D0-8D11-00A0C91BC942}") = "RecursionHanoi", "RecursionHanoi\RecursionHanoi.vcxproj", "{9F79FE0A-4284-4CF5-9C94-24CAE129E5D3}"
EndProject
Project("{8BC9CEB8-8B4A-11D0-8D11-00A0C91BC942}") = "BacktrackingMaze", "BacktrackingMaze\BacktrackingMaze.vcxproj", "{2D097BAA-6ED0-4C33-AF37-F771C40950CA}"
EndProject
Project("{8BC9CEB8-8B4A-11D0-8D11-00A0C91BC942}") = "BacktrackingKnightTour", "BacktrackingKnightTour\BacktrackingKnightTour.vcxproj", "{D2255D06-2DE9-4D8D-A085-A2A0DC5E4F32}"
EndProject
Project("{8BC9CEB8-8B4A-11D0-8D11-00A0C91BC942}") = "BacktrackingPegSolitaire", "BacktrackingPegSolitaire\BacktrackingPegSolitaire.vcxproj", "{BC6AF609-B593-4148-8C40-C0E3FEE13086}"
EndProject
Project("{8BC9CEB8-8B4A-11D0-8D11-00A0C91BC942}") = "BacktrackingBoggle", "BacktrackingBoggle\BacktrackingBoggle.vcxproj", "{EC9ED63E-3912-4879-8155-9EABA37BE1A3}"
EndProject
Project("{8BC9CEB8-8B4A-11D0-8D11-00A0C91BC942}") = "LinkedListReversal", "LinkedListReversal\LinkedListReversal.vcxproj", "{757C52B8-F281-4608-B409-D9D6BDC4D998}"
EndProject
Project("{8BC9CEB8-8B4A-11D0-8D11-00A0C91BC942}") = "LinkedListMergeAlternate", "LinkedListMergeAlternate\LinkedListMergeAlternate.vcxproj", "{EAAA0677-2F4C-4C0C-B952-5F35FD6C688E}"
EndProject
Project("{8BC9CEB8-8B4A-11D0-8D11-00A0C91BC942}") = "LinkedListDelete_N_NodesAfter_M_Nodes", "LinkedListDelete_N_NodesAfter_M_Nodes\LinkedListDelete_N_NodesAfter_M_Nodes.vcxproj", "{7FE61A7E-C593-4AAA-8B1F-720D45149E28}"
EndProject
Project("{8BC9CEB8-8B4A-11D0-8D11-00A0C91BC942}") = "LinkedListCollision", "LinkedListCollision\LinkedListCollision.vcxproj", "{7F970DAB-3444-4E1B-9DF5-AE8A3310F2F6}"
EndProject
Project("{8BC9CEB8-8B4A-11D0-8D11-00A0C91BC942}") = "LinkedListSwapKthNode", "LinkedListSwapKthNode\LinkedListSwapKthNode.vcxproj", "{184CA902-C53F-4BE7-882D-2FD3BC316B40}"
EndProject
Project("{8BC9CEB8-8B4A-11D0-8D11-00A0C91BC942}") = "IsPrime", "IsPrime\IsPrime.vcxproj", "{E061C942-3B8C-413B-8CB2-DDF280F57405}"
EndProject
Project("{8BC9CEB8-8B4A-11D0-8D11-00A0C91BC942}") = "SmallestNumberAllDigitsMultipliedEqualNumber", "SmallestNumberAllDigitsMultipliedEqualNumber\SmallestNumberAllDigitsMultipliedEqualNumber.vcxproj", "{67B9CEFE-D5D7-44A9-B7A4-945AC2544EB0}"
EndProject
Project("{8BC9CEB8-8B4A-11D0-8D11-00A0C91BC942}") = "LinkedListReverseKSizeSlots", "LinkedListReverseByK\LinkedListReverseByK.vcxproj", "{9C0A7892-8932-4E90-95C8-1A653E922262}"
EndProject
Project("{8BC9CEB8-8B4A-11D0-8D11-00A0C91BC942}") = "LinkedListFindFirstCharNotRepeatedFromStream", "LinkedListFindFirstCharNotRepeatedFromStream\LinkedListFindFirstCharNotRepeatedFromStream.vcxproj", "{6212A27A-88AC-4C0B-813C-6CD69F589AB7}"
EndProject
Project("{8BC9CEB8-8B4A-11D0-8D11-00A0C91BC942}") = "BinaryVector", "BinaryVector\BinaryVector.vcxproj", "{A06CD6A0-3992-416D-B6C8-581E01BC08EE}"
EndProject
Project("{8BC9CEB8-8B4A-11D0-8D11-00A0C91BC942}") = "LinkedListBinaryTreeConversion", "LinkedListBinaryTreeConversion\LinkedListBinaryTreeConversion.vcxproj", "{43A69DCE-CC3E-4CA7-9B4E-3BEF731F9BA0}"
EndProject
Project("{8BC9CEB8-8B4A-11D0-8D11-00A0C91BC942}") = "ArrayArrangeAlternateOrder", "ArrayArrangeAlternateOrder\ArrayArrangeAlternateOrder.vcxproj", "{35B7B187-D6B2-464F-8DAF-ABC15CEE56A8}"
EndProject
Project("{8BC9CEB8-8B4A-11D0-8D11-00A0C91BC942}") = "DynamicProgrammingCountBinaryStringsWithoutCons1", "DynamicProgrammingCountBinaryStringsWithoutCons1\DynamicProgrammingCountBinaryStringsWithoutCons1.vcxproj", "{3743A0B9-EFC7-476A-BD1B-35EAF9B41CB8}"
EndProject
Project("{8BC9CEB8-8B4A-11D0-8D11-00A0C91BC942}") = "StringGetAllAnagrams", "StringGetAllAnagrams\StringGetAllAnagrams.vcxproj", "{A9CCFD13-A3E1-4E79-BBFE-CABF06183700}"
EndProject
Project("{8BC9CEB8-8B4A-11D0-8D11-00A0C91BC942}") = "RadioGetSixMostStrengthStations", "RadioGetSixMostStrengthStations\RadioGetSixMostStrengthStations.vcxproj", "{8CFA73E3-7AB4-4F60-A31C-04E268B13EAA}"
EndProject
Project("{8BC9CEB8-8B4A-11D0-8D11-00A0C91BC942}") = "RobotMaze", "RobotMaze\RobotMaze.vcxproj", "{099192C2-E389-4D17-BB23-C07456C1B547}"
EndProject
Project("{8BC9CEB8-8B4A-11D0-8D11-00A0C91BC942}") = "BackgrackingSudoku", "BackgrackingSudoku\BackgrackingSudoku.vcxproj", "{3D0E8125-2291-4582-9B42-B356C3B1E878}"
EndProject
Project("{8BC9CEB8-8B4A-11D0-8D11-00A0C91BC942}") = "LinkedListSumTwoLinkedLists", "LinkedListSumTwoLinkedLists\LinkedListSumTwoLinkedLists.vcxproj", "{AE194D68-E941-47C5-A2AC-05D1836FA529}"
EndProject
Project("{8BC9CEB8-8B4A-11D0-8D11-00A0C91BC942}") = "ConvertNumberToString", "ConvertNumberToString\ConvertNumberToString.vcxproj", "{BDB8E0CF-FF31-4851-8803-B699CC0E51FD}"
EndProject
Project("{8BC9CEB8-8B4A-11D0-8D11-00A0C91BC942}") = "DynamicProgrammingKnapsack", "DynamicProgrammingKnapsack\DynamicProgrammingKnapsack.vcxproj", "{8D08CFA5-8A1C-4E7C-B442-959F5C79CB4E}"
EndProject
Project("{8BC9CEB8-8B4A-11D0-8D11-00A0C91BC942}") = "GraphHasCycle", "GraphHasCycle\GraphHasCycle.vcxproj", "{8BB1A420-2B4D-4002-A104-D924C0767129}"
EndProject
Project("{8BC9CEB8-8B4A-11D0-8D11-00A0C91BC942}") = "GraphIsBipartite", "GraphIsBipartite\GraphIsBipartite.vcxproj", "{4717F253-0C63-47FE-8132-4BE16234670E}"
EndProject
Global
	GlobalSection(SolutionConfigurationPlatforms) = preSolution
		Debug|Any CPU = Debug|Any CPU
		Debug|Mixed Platforms = Debug|Mixed Platforms
		Debug|Win32 = Debug|Win32
		Release|Any CPU = Release|Any CPU
		Release|Mixed Platforms = Release|Mixed Platforms
		Release|Win32 = Release|Win32
	EndGlobalSection
	GlobalSection(ProjectConfigurationPlatforms) = postSolution
		{BDB0A562-68DE-4DC0-BA0B-45AA7776F28B}.Debug|Any CPU.ActiveCfg = Debug|Win32
		{BDB0A562-68DE-4DC0-BA0B-45AA7776F28B}.Debug|Mixed Platforms.ActiveCfg = Debug|Win32
		{BDB0A562-68DE-4DC0-BA0B-45AA7776F28B}.Debug|Mixed Platforms.Build.0 = Debug|Win32
		{BDB0A562-68DE-4DC0-BA0B-45AA7776F28B}.Debug|Win32.ActiveCfg = Debug|Win32
		{BDB0A562-68DE-4DC0-BA0B-45AA7776F28B}.Debug|Win32.Build.0 = Debug|Win32
		{BDB0A562-68DE-4DC0-BA0B-45AA7776F28B}.Release|Any CPU.ActiveCfg = Release|Win32
		{BDB0A562-68DE-4DC0-BA0B-45AA7776F28B}.Release|Mixed Platforms.ActiveCfg = Release|Win32
		{BDB0A562-68DE-4DC0-BA0B-45AA7776F28B}.Release|Mixed Platforms.Build.0 = Release|Win32
		{BDB0A562-68DE-4DC0-BA0B-45AA7776F28B}.Release|Win32.ActiveCfg = Release|Win32
		{BDB0A562-68DE-4DC0-BA0B-45AA7776F28B}.Release|Win32.Build.0 = Release|Win32
		{3753D10B-3588-4D02-BD39-ECD8F5CBB25F}.Debug|Any CPU.ActiveCfg = Debug|Win32
		{3753D10B-3588-4D02-BD39-ECD8F5CBB25F}.Debug|Mixed Platforms.ActiveCfg = Debug|Win32
		{3753D10B-3588-4D02-BD39-ECD8F5CBB25F}.Debug|Mixed Platforms.Build.0 = Debug|Win32
		{3753D10B-3588-4D02-BD39-ECD8F5CBB25F}.Debug|Win32.ActiveCfg = Debug|Win32
		{3753D10B-3588-4D02-BD39-ECD8F5CBB25F}.Debug|Win32.Build.0 = Debug|Win32
		{3753D10B-3588-4D02-BD39-ECD8F5CBB25F}.Release|Any CPU.ActiveCfg = Release|Win32
		{3753D10B-3588-4D02-BD39-ECD8F5CBB25F}.Release|Mixed Platforms.ActiveCfg = Release|Win32
		{3753D10B-3588-4D02-BD39-ECD8F5CBB25F}.Release|Mixed Platforms.Build.0 = Release|Win32
		{3753D10B-3588-4D02-BD39-ECD8F5CBB25F}.Release|Win32.ActiveCfg = Release|Win32
		{3753D10B-3588-4D02-BD39-ECD8F5CBB25F}.Release|Win32.Build.0 = Release|Win32
		{E26EAAF2-A08C-4C3B-9BA3-342B3C62FE34}.Debug|Any CPU.ActiveCfg = Debug|Win32
		{E26EAAF2-A08C-4C3B-9BA3-342B3C62FE34}.Debug|Mixed Platforms.ActiveCfg = Debug|Win32
		{E26EAAF2-A08C-4C3B-9BA3-342B3C62FE34}.Debug|Mixed Platforms.Build.0 = Debug|Win32
		{E26EAAF2-A08C-4C3B-9BA3-342B3C62FE34}.Debug|Win32.ActiveCfg = Debug|Win32
		{E26EAAF2-A08C-4C3B-9BA3-342B3C62FE34}.Debug|Win32.Build.0 = Debug|Win32
		{E26EAAF2-A08C-4C3B-9BA3-342B3C62FE34}.Release|Any CPU.ActiveCfg = Release|Win32
		{E26EAAF2-A08C-4C3B-9BA3-342B3C62FE34}.Release|Mixed Platforms.ActiveCfg = Release|Win32
		{E26EAAF2-A08C-4C3B-9BA3-342B3C62FE34}.Release|Mixed Platforms.Build.0 = Release|Win32
		{E26EAAF2-A08C-4C3B-9BA3-342B3C62FE34}.Release|Win32.ActiveCfg = Release|Win32
		{E26EAAF2-A08C-4C3B-9BA3-342B3C62FE34}.Release|Win32.Build.0 = Release|Win32
		{DFF67767-F0E3-4CE3-B7A7-25A6C809D8B6}.Debug|Any CPU.ActiveCfg = Debug|Win32
		{DFF67767-F0E3-4CE3-B7A7-25A6C809D8B6}.Debug|Mixed Platforms.ActiveCfg = Debug|Win32
		{DFF67767-F0E3-4CE3-B7A7-25A6C809D8B6}.Debug|Mixed Platforms.Build.0 = Debug|Win32
		{DFF67767-F0E3-4CE3-B7A7-25A6C809D8B6}.Debug|Win32.ActiveCfg = Debug|Win32
		{DFF67767-F0E3-4CE3-B7A7-25A6C809D8B6}.Debug|Win32.Build.0 = Debug|Win32
		{DFF67767-F0E3-4CE3-B7A7-25A6C809D8B6}.Release|Any CPU.ActiveCfg = Release|Win32
		{DFF67767-F0E3-4CE3-B7A7-25A6C809D8B6}.Release|Mixed Platforms.ActiveCfg = Release|Win32
		{DFF67767-F0E3-4CE3-B7A7-25A6C809D8B6}.Release|Mixed Platforms.Build.0 = Release|Win32
		{DFF67767-F0E3-4CE3-B7A7-25A6C809D8B6}.Release|Win32.ActiveCfg = Release|Win32
		{DFF67767-F0E3-4CE3-B7A7-25A6C809D8B6}.Release|Win32.Build.0 = Release|Win32
		{5FA52543-4F16-4687-8EFA-93019806CEEF}.Debug|Any CPU.ActiveCfg = Debug|Win32
		{5FA52543-4F16-4687-8EFA-93019806CEEF}.Debug|Mixed Platforms.ActiveCfg = Debug|Win32
		{5FA52543-4F16-4687-8EFA-93019806CEEF}.Debug|Mixed Platforms.Build.0 = Debug|Win32
		{5FA52543-4F16-4687-8EFA-93019806CEEF}.Debug|Win32.ActiveCfg = Debug|Win32
		{5FA52543-4F16-4687-8EFA-93019806CEEF}.Debug|Win32.Build.0 = Debug|Win32
		{5FA52543-4F16-4687-8EFA-93019806CEEF}.Release|Any CPU.ActiveCfg = Release|Win32
		{5FA52543-4F16-4687-8EFA-93019806CEEF}.Release|Mixed Platforms.ActiveCfg = Release|Win32
		{5FA52543-4F16-4687-8EFA-93019806CEEF}.Release|Mixed Platforms.Build.0 = Release|Win32
		{5FA52543-4F16-4687-8EFA-93019806CEEF}.Release|Win32.ActiveCfg = Release|Win32
		{5FA52543-4F16-4687-8EFA-93019806CEEF}.Release|Win32.Build.0 = Release|Win32
		{7918002D-C205-49F3-A4EF-33D428E8D89D}.Debug|Any CPU.ActiveCfg = Debug|Win32
		{7918002D-C205-49F3-A4EF-33D428E8D89D}.Debug|Mixed Platforms.ActiveCfg = Debug|Win32
		{7918002D-C205-49F3-A4EF-33D428E8D89D}.Debug|Mixed Platforms.Build.0 = Debug|Win32
		{7918002D-C205-49F3-A4EF-33D428E8D89D}.Debug|Win32.ActiveCfg = Debug|Win32
		{7918002D-C205-49F3-A4EF-33D428E8D89D}.Debug|Win32.Build.0 = Debug|Win32
		{7918002D-C205-49F3-A4EF-33D428E8D89D}.Release|Any CPU.ActiveCfg = Release|Win32
		{7918002D-C205-49F3-A4EF-33D428E8D89D}.Release|Mixed Platforms.ActiveCfg = Release|Win32
		{7918002D-C205-49F3-A4EF-33D428E8D89D}.Release|Mixed Platforms.Build.0 = Release|Win32
		{7918002D-C205-49F3-A4EF-33D428E8D89D}.Release|Win32.ActiveCfg = Release|Win32
		{7918002D-C205-49F3-A4EF-33D428E8D89D}.Release|Win32.Build.0 = Release|Win32
		{CD45547F-D38E-41D5-87F7-9CF59716169C}.Debug|Any CPU.ActiveCfg = Debug|Win32
		{CD45547F-D38E-41D5-87F7-9CF59716169C}.Debug|Mixed Platforms.ActiveCfg = Debug|Win32
		{CD45547F-D38E-41D5-87F7-9CF59716169C}.Debug|Mixed Platforms.Build.0 = Debug|Win32
		{CD45547F-D38E-41D5-87F7-9CF59716169C}.Debug|Win32.ActiveCfg = Debug|Win32
		{CD45547F-D38E-41D5-87F7-9CF59716169C}.Debug|Win32.Build.0 = Debug|Win32
		{CD45547F-D38E-41D5-87F7-9CF59716169C}.Release|Any CPU.ActiveCfg = Release|Win32
		{CD45547F-D38E-41D5-87F7-9CF59716169C}.Release|Mixed Platforms.ActiveCfg = Release|Win32
		{CD45547F-D38E-41D5-87F7-9CF59716169C}.Release|Mixed Platforms.Build.0 = Release|Win32
		{CD45547F-D38E-41D5-87F7-9CF59716169C}.Release|Win32.ActiveCfg = Release|Win32
		{CD45547F-D38E-41D5-87F7-9CF59716169C}.Release|Win32.Build.0 = Release|Win32
		{FC398C74-CA57-4BE9-B995-D7ACA70EE76E}.Debug|Any CPU.ActiveCfg = Debug|Win32
		{FC398C74-CA57-4BE9-B995-D7ACA70EE76E}.Debug|Mixed Platforms.ActiveCfg = Debug|Win32
		{FC398C74-CA57-4BE9-B995-D7ACA70EE76E}.Debug|Mixed Platforms.Build.0 = Debug|Win32
		{FC398C74-CA57-4BE9-B995-D7ACA70EE76E}.Debug|Win32.ActiveCfg = Debug|Win32
		{FC398C74-CA57-4BE9-B995-D7ACA70EE76E}.Debug|Win32.Build.0 = Debug|Win32
		{FC398C74-CA57-4BE9-B995-D7ACA70EE76E}.Release|Any CPU.ActiveCfg = Release|Win32
		{FC398C74-CA57-4BE9-B995-D7ACA70EE76E}.Release|Mixed Platforms.ActiveCfg = Release|Win32
		{FC398C74-CA57-4BE9-B995-D7ACA70EE76E}.Release|Mixed Platforms.Build.0 = Release|Win32
		{FC398C74-CA57-4BE9-B995-D7ACA70EE76E}.Release|Win32.ActiveCfg = Release|Win32
		{FC398C74-CA57-4BE9-B995-D7ACA70EE76E}.Release|Win32.Build.0 = Release|Win32
		{696C77AD-8F12-47B9-B3C8-BBE4343DE8F2}.Debug|Any CPU.ActiveCfg = Debug|Win32
		{696C77AD-8F12-47B9-B3C8-BBE4343DE8F2}.Debug|Mixed Platforms.ActiveCfg = Debug|Win32
		{696C77AD-8F12-47B9-B3C8-BBE4343DE8F2}.Debug|Mixed Platforms.Build.0 = Debug|Win32
		{696C77AD-8F12-47B9-B3C8-BBE4343DE8F2}.Debug|Win32.ActiveCfg = Debug|Win32
		{696C77AD-8F12-47B9-B3C8-BBE4343DE8F2}.Debug|Win32.Build.0 = Debug|Win32
		{696C77AD-8F12-47B9-B3C8-BBE4343DE8F2}.Release|Any CPU.ActiveCfg = Release|Win32
		{696C77AD-8F12-47B9-B3C8-BBE4343DE8F2}.Release|Mixed Platforms.ActiveCfg = Release|Win32
		{696C77AD-8F12-47B9-B3C8-BBE4343DE8F2}.Release|Mixed Platforms.Build.0 = Release|Win32
		{696C77AD-8F12-47B9-B3C8-BBE4343DE8F2}.Release|Win32.ActiveCfg = Release|Win32
		{696C77AD-8F12-47B9-B3C8-BBE4343DE8F2}.Release|Win32.Build.0 = Release|Win32
		{18BB9DD0-B1BA-4506-8D3E-CFB3F8AE7B21}.Debug|Any CPU.ActiveCfg = Debug|Win32
		{18BB9DD0-B1BA-4506-8D3E-CFB3F8AE7B21}.Debug|Mixed Platforms.ActiveCfg = Debug|Win32
		{18BB9DD0-B1BA-4506-8D3E-CFB3F8AE7B21}.Debug|Mixed Platforms.Build.0 = Debug|Win32
		{18BB9DD0-B1BA-4506-8D3E-CFB3F8AE7B21}.Debug|Win32.ActiveCfg = Debug|Win32
		{18BB9DD0-B1BA-4506-8D3E-CFB3F8AE7B21}.Debug|Win32.Build.0 = Debug|Win32
		{18BB9DD0-B1BA-4506-8D3E-CFB3F8AE7B21}.Release|Any CPU.ActiveCfg = Release|Win32
		{18BB9DD0-B1BA-4506-8D3E-CFB3F8AE7B21}.Release|Mixed Platforms.ActiveCfg = Release|Win32
		{18BB9DD0-B1BA-4506-8D3E-CFB3F8AE7B21}.Release|Mixed Platforms.Build.0 = Release|Win32
		{18BB9DD0-B1BA-4506-8D3E-CFB3F8AE7B21}.Release|Win32.ActiveCfg = Release|Win32
		{18BB9DD0-B1BA-4506-8D3E-CFB3F8AE7B21}.Release|Win32.Build.0 = Release|Win32
		{B58D7901-4971-481C-A9AA-9C8A89CFF925}.Debug|Any CPU.ActiveCfg = Debug|Win32
		{B58D7901-4971-481C-A9AA-9C8A89CFF925}.Debug|Mixed Platforms.ActiveCfg = Debug|Win32
		{B58D7901-4971-481C-A9AA-9C8A89CFF925}.Debug|Mixed Platforms.Build.0 = Debug|Win32
		{B58D7901-4971-481C-A9AA-9C8A89CFF925}.Debug|Win32.ActiveCfg = Debug|Win32
		{B58D7901-4971-481C-A9AA-9C8A89CFF925}.Debug|Win32.Build.0 = Debug|Win32
		{B58D7901-4971-481C-A9AA-9C8A89CFF925}.Release|Any CPU.ActiveCfg = Release|Win32
		{B58D7901-4971-481C-A9AA-9C8A89CFF925}.Release|Mixed Platforms.ActiveCfg = Release|Win32
		{B58D7901-4971-481C-A9AA-9C8A89CFF925}.Release|Mixed Platforms.Build.0 = Release|Win32
		{B58D7901-4971-481C-A9AA-9C8A89CFF925}.Release|Win32.ActiveCfg = Release|Win32
		{B58D7901-4971-481C-A9AA-9C8A89CFF925}.Release|Win32.Build.0 = Release|Win32
		{29B59971-1464-483B-8CC2-8CB228A9954E}.Debug|Any CPU.ActiveCfg = Debug|Win32
		{29B59971-1464-483B-8CC2-8CB228A9954E}.Debug|Mixed Platforms.ActiveCfg = Debug|Win32
		{29B59971-1464-483B-8CC2-8CB228A9954E}.Debug|Mixed Platforms.Build.0 = Debug|Win32
		{29B59971-1464-483B-8CC2-8CB228A9954E}.Debug|Win32.ActiveCfg = Debug|Win32
		{29B59971-1464-483B-8CC2-8CB228A9954E}.Debug|Win32.Build.0 = Debug|Win32
		{29B59971-1464-483B-8CC2-8CB228A9954E}.Release|Any CPU.ActiveCfg = Release|Win32
		{29B59971-1464-483B-8CC2-8CB228A9954E}.Release|Mixed Platforms.ActiveCfg = Release|Win32
		{29B59971-1464-483B-8CC2-8CB228A9954E}.Release|Mixed Platforms.Build.0 = Release|Win32
		{29B59971-1464-483B-8CC2-8CB228A9954E}.Release|Win32.ActiveCfg = Release|Win32
		{29B59971-1464-483B-8CC2-8CB228A9954E}.Release|Win32.Build.0 = Release|Win32
		{3ECE123F-A65A-4404-99A1-B498BE452F8A}.Debug|Any CPU.ActiveCfg = Debug|Win32
		{3ECE123F-A65A-4404-99A1-B498BE452F8A}.Debug|Mixed Platforms.ActiveCfg = Debug|Win32
		{3ECE123F-A65A-4404-99A1-B498BE452F8A}.Debug|Mixed Platforms.Build.0 = Debug|Win32
		{3ECE123F-A65A-4404-99A1-B498BE452F8A}.Debug|Win32.ActiveCfg = Debug|Win32
		{3ECE123F-A65A-4404-99A1-B498BE452F8A}.Debug|Win32.Build.0 = Debug|Win32
		{3ECE123F-A65A-4404-99A1-B498BE452F8A}.Release|Any CPU.ActiveCfg = Release|Win32
		{3ECE123F-A65A-4404-99A1-B498BE452F8A}.Release|Mixed Platforms.ActiveCfg = Release|Win32
		{3ECE123F-A65A-4404-99A1-B498BE452F8A}.Release|Mixed Platforms.Build.0 = Release|Win32
		{3ECE123F-A65A-4404-99A1-B498BE452F8A}.Release|Win32.ActiveCfg = Release|Win32
		{3ECE123F-A65A-4404-99A1-B498BE452F8A}.Release|Win32.Build.0 = Release|Win32
		{50F8C83F-57FC-446E-86E6-333A98946BD7}.Debug|Any CPU.ActiveCfg = Debug|Win32
		{50F8C83F-57FC-446E-86E6-333A98946BD7}.Debug|Mixed Platforms.ActiveCfg = Debug|Win32
		{50F8C83F-57FC-446E-86E6-333A98946BD7}.Debug|Mixed Platforms.Build.0 = Debug|Win32
		{50F8C83F-57FC-446E-86E6-333A98946BD7}.Debug|Win32.ActiveCfg = Debug|Win32
		{50F8C83F-57FC-446E-86E6-333A98946BD7}.Debug|Win32.Build.0 = Debug|Win32
		{50F8C83F-57FC-446E-86E6-333A98946BD7}.Release|Any CPU.ActiveCfg = Release|Win32
		{50F8C83F-57FC-446E-86E6-333A98946BD7}.Release|Mixed Platforms.ActiveCfg = Release|Win32
		{50F8C83F-57FC-446E-86E6-333A98946BD7}.Release|Mixed Platforms.Build.0 = Release|Win32
		{50F8C83F-57FC-446E-86E6-333A98946BD7}.Release|Win32.ActiveCfg = Release|Win32
		{50F8C83F-57FC-446E-86E6-333A98946BD7}.Release|Win32.Build.0 = Release|Win32
		{A6D1AB18-DE60-4FB4-ADBC-F15D457506A7}.Debug|Any CPU.ActiveCfg = Debug|Win32
		{A6D1AB18-DE60-4FB4-ADBC-F15D457506A7}.Debug|Mixed Platforms.ActiveCfg = Debug|Win32
		{A6D1AB18-DE60-4FB4-ADBC-F15D457506A7}.Debug|Mixed Platforms.Build.0 = Debug|Win32
		{A6D1AB18-DE60-4FB4-ADBC-F15D457506A7}.Debug|Win32.ActiveCfg = Debug|Win32
		{A6D1AB18-DE60-4FB4-ADBC-F15D457506A7}.Debug|Win32.Build.0 = Debug|Win32
		{A6D1AB18-DE60-4FB4-ADBC-F15D457506A7}.Release|Any CPU.ActiveCfg = Release|Win32
		{A6D1AB18-DE60-4FB4-ADBC-F15D457506A7}.Release|Mixed Platforms.ActiveCfg = Release|Win32
		{A6D1AB18-DE60-4FB4-ADBC-F15D457506A7}.Release|Mixed Platforms.Build.0 = Release|Win32
		{A6D1AB18-DE60-4FB4-ADBC-F15D457506A7}.Release|Win32.ActiveCfg = Release|Win32
		{A6D1AB18-DE60-4FB4-ADBC-F15D457506A7}.Release|Win32.Build.0 = Release|Win32
		{BF89F71C-CBFB-4970-9789-EE7BCED440C5}.Debug|Any CPU.ActiveCfg = Debug|Win32
		{BF89F71C-CBFB-4970-9789-EE7BCED440C5}.Debug|Mixed Platforms.ActiveCfg = Debug|Win32
		{BF89F71C-CBFB-4970-9789-EE7BCED440C5}.Debug|Mixed Platforms.Build.0 = Debug|Win32
		{BF89F71C-CBFB-4970-9789-EE7BCED440C5}.Debug|Win32.ActiveCfg = Debug|Win32
		{BF89F71C-CBFB-4970-9789-EE7BCED440C5}.Debug|Win32.Build.0 = Debug|Win32
		{BF89F71C-CBFB-4970-9789-EE7BCED440C5}.Release|Any CPU.ActiveCfg = Release|Win32
		{BF89F71C-CBFB-4970-9789-EE7BCED440C5}.Release|Mixed Platforms.ActiveCfg = Release|Win32
		{BF89F71C-CBFB-4970-9789-EE7BCED440C5}.Release|Mixed Platforms.Build.0 = Release|Win32
		{BF89F71C-CBFB-4970-9789-EE7BCED440C5}.Release|Win32.ActiveCfg = Release|Win32
		{BF89F71C-CBFB-4970-9789-EE7BCED440C5}.Release|Win32.Build.0 = Release|Win32
		{308B8E10-1CC0-4ACA-9705-A44FB076D1F1}.Debug|Any CPU.ActiveCfg = Debug|Win32
		{308B8E10-1CC0-4ACA-9705-A44FB076D1F1}.Debug|Mixed Platforms.ActiveCfg = Debug|Win32
		{308B8E10-1CC0-4ACA-9705-A44FB076D1F1}.Debug|Mixed Platforms.Build.0 = Debug|Win32
		{308B8E10-1CC0-4ACA-9705-A44FB076D1F1}.Debug|Win32.ActiveCfg = Debug|Win32
		{308B8E10-1CC0-4ACA-9705-A44FB076D1F1}.Debug|Win32.Build.0 = Debug|Win32
		{308B8E10-1CC0-4ACA-9705-A44FB076D1F1}.Release|Any CPU.ActiveCfg = Release|Win32
		{308B8E10-1CC0-4ACA-9705-A44FB076D1F1}.Release|Mixed Platforms.ActiveCfg = Release|Win32
		{308B8E10-1CC0-4ACA-9705-A44FB076D1F1}.Release|Mixed Platforms.Build.0 = Release|Win32
		{308B8E10-1CC0-4ACA-9705-A44FB076D1F1}.Release|Win32.ActiveCfg = Release|Win32
		{308B8E10-1CC0-4ACA-9705-A44FB076D1F1}.Release|Win32.Build.0 = Release|Win32
		{9175D3AA-9855-46F9-9BB6-3BE7FD0BC29E}.Debug|Any CPU.ActiveCfg = Debug|Win32
		{9175D3AA-9855-46F9-9BB6-3BE7FD0BC29E}.Debug|Mixed Platforms.ActiveCfg = Debug|Win32
		{9175D3AA-9855-46F9-9BB6-3BE7FD0BC29E}.Debug|Mixed Platforms.Build.0 = Debug|Win32
		{9175D3AA-9855-46F9-9BB6-3BE7FD0BC29E}.Debug|Win32.ActiveCfg = Debug|Win32
		{9175D3AA-9855-46F9-9BB6-3BE7FD0BC29E}.Debug|Win32.Build.0 = Debug|Win32
		{9175D3AA-9855-46F9-9BB6-3BE7FD0BC29E}.Release|Any CPU.ActiveCfg = Release|Win32
		{9175D3AA-9855-46F9-9BB6-3BE7FD0BC29E}.Release|Mixed Platforms.ActiveCfg = Release|Win32
		{9175D3AA-9855-46F9-9BB6-3BE7FD0BC29E}.Release|Mixed Platforms.Build.0 = Release|Win32
		{9175D3AA-9855-46F9-9BB6-3BE7FD0BC29E}.Release|Win32.ActiveCfg = Release|Win32
		{9175D3AA-9855-46F9-9BB6-3BE7FD0BC29E}.Release|Win32.Build.0 = Release|Win32
		{42376548-1B90-4250-AC65-AC38858534A6}.Debug|Any CPU.ActiveCfg = Debug|Win32
		{42376548-1B90-4250-AC65-AC38858534A6}.Debug|Mixed Platforms.ActiveCfg = Debug|Win32
		{42376548-1B90-4250-AC65-AC38858534A6}.Debug|Mixed Platforms.Build.0 = Debug|Win32
		{42376548-1B90-4250-AC65-AC38858534A6}.Debug|Win32.ActiveCfg = Debug|Win32
		{42376548-1B90-4250-AC65-AC38858534A6}.Debug|Win32.Build.0 = Debug|Win32
		{42376548-1B90-4250-AC65-AC38858534A6}.Release|Any CPU.ActiveCfg = Release|Win32
		{42376548-1B90-4250-AC65-AC38858534A6}.Release|Mixed Platforms.ActiveCfg = Release|Win32
		{42376548-1B90-4250-AC65-AC38858534A6}.Release|Mixed Platforms.Build.0 = Release|Win32
		{42376548-1B90-4250-AC65-AC38858534A6}.Release|Win32.ActiveCfg = Release|Win32
		{42376548-1B90-4250-AC65-AC38858534A6}.Release|Win32.Build.0 = Release|Win32
		{DFCD5371-F074-4C45-94A8-78B7E7D6D149}.Debug|Any CPU.ActiveCfg = Debug|Win32
		{DFCD5371-F074-4C45-94A8-78B7E7D6D149}.Debug|Mixed Platforms.ActiveCfg = Debug|Win32
		{DFCD5371-F074-4C45-94A8-78B7E7D6D149}.Debug|Mixed Platforms.Build.0 = Debug|Win32
		{DFCD5371-F074-4C45-94A8-78B7E7D6D149}.Debug|Win32.ActiveCfg = Debug|Win32
		{DFCD5371-F074-4C45-94A8-78B7E7D6D149}.Debug|Win32.Build.0 = Debug|Win32
		{DFCD5371-F074-4C45-94A8-78B7E7D6D149}.Release|Any CPU.ActiveCfg = Release|Win32
		{DFCD5371-F074-4C45-94A8-78B7E7D6D149}.Release|Mixed Platforms.ActiveCfg = Release|Win32
		{DFCD5371-F074-4C45-94A8-78B7E7D6D149}.Release|Mixed Platforms.Build.0 = Release|Win32
		{DFCD5371-F074-4C45-94A8-78B7E7D6D149}.Release|Win32.ActiveCfg = Release|Win32
		{DFCD5371-F074-4C45-94A8-78B7E7D6D149}.Release|Win32.Build.0 = Release|Win32
		{178054A6-AADB-43A9-8861-6252D7F0F5C9}.Debug|Any CPU.ActiveCfg = Debug|Win32
		{178054A6-AADB-43A9-8861-6252D7F0F5C9}.Debug|Mixed Platforms.ActiveCfg = Debug|Win32
		{178054A6-AADB-43A9-8861-6252D7F0F5C9}.Debug|Mixed Platforms.Build.0 = Debug|Win32
		{178054A6-AADB-43A9-8861-6252D7F0F5C9}.Debug|Win32.ActiveCfg = Debug|Win32
		{178054A6-AADB-43A9-8861-6252D7F0F5C9}.Debug|Win32.Build.0 = Debug|Win32
		{178054A6-AADB-43A9-8861-6252D7F0F5C9}.Release|Any CPU.ActiveCfg = Release|Win32
		{178054A6-AADB-43A9-8861-6252D7F0F5C9}.Release|Mixed Platforms.ActiveCfg = Release|Win32
		{178054A6-AADB-43A9-8861-6252D7F0F5C9}.Release|Mixed Platforms.Build.0 = Release|Win32
		{178054A6-AADB-43A9-8861-6252D7F0F5C9}.Release|Win32.ActiveCfg = Release|Win32
		{178054A6-AADB-43A9-8861-6252D7F0F5C9}.Release|Win32.Build.0 = Release|Win32
		{618C39D5-4AF2-4BB5-BD7B-890DE8933295}.Debug|Any CPU.ActiveCfg = Debug|Win32
		{618C39D5-4AF2-4BB5-BD7B-890DE8933295}.Debug|Mixed Platforms.ActiveCfg = Debug|Win32
		{618C39D5-4AF2-4BB5-BD7B-890DE8933295}.Debug|Mixed Platforms.Build.0 = Debug|Win32
		{618C39D5-4AF2-4BB5-BD7B-890DE8933295}.Debug|Win32.ActiveCfg = Debug|Win32
		{618C39D5-4AF2-4BB5-BD7B-890DE8933295}.Debug|Win32.Build.0 = Debug|Win32
		{618C39D5-4AF2-4BB5-BD7B-890DE8933295}.Release|Any CPU.ActiveCfg = Release|Win32
		{618C39D5-4AF2-4BB5-BD7B-890DE8933295}.Release|Mixed Platforms.ActiveCfg = Release|Win32
		{618C39D5-4AF2-4BB5-BD7B-890DE8933295}.Release|Mixed Platforms.Build.0 = Release|Win32
		{618C39D5-4AF2-4BB5-BD7B-890DE8933295}.Release|Win32.ActiveCfg = Release|Win32
		{618C39D5-4AF2-4BB5-BD7B-890DE8933295}.Release|Win32.Build.0 = Release|Win32
		{62C2802F-D4D0-4635-9296-6EEC7B409E9E}.Debug|Any CPU.ActiveCfg = Debug|Win32
		{62C2802F-D4D0-4635-9296-6EEC7B409E9E}.Debug|Mixed Platforms.ActiveCfg = Debug|Win32
		{62C2802F-D4D0-4635-9296-6EEC7B409E9E}.Debug|Mixed Platforms.Build.0 = Debug|Win32
		{62C2802F-D4D0-4635-9296-6EEC7B409E9E}.Debug|Win32.ActiveCfg = Debug|Win32
		{62C2802F-D4D0-4635-9296-6EEC7B409E9E}.Debug|Win32.Build.0 = Debug|Win32
		{62C2802F-D4D0-4635-9296-6EEC7B409E9E}.Release|Any CPU.ActiveCfg = Release|Win32
		{62C2802F-D4D0-4635-9296-6EEC7B409E9E}.Release|Mixed Platforms.ActiveCfg = Release|Win32
		{62C2802F-D4D0-4635-9296-6EEC7B409E9E}.Release|Mixed Platforms.Build.0 = Release|Win32
		{62C2802F-D4D0-4635-9296-6EEC7B409E9E}.Release|Win32.ActiveCfg = Release|Win32
		{62C2802F-D4D0-4635-9296-6EEC7B409E9E}.Release|Win32.Build.0 = Release|Win32
		{E1B0E4AD-4726-417A-B828-3F917C864143}.Debug|Any CPU.ActiveCfg = Debug|Win32
		{E1B0E4AD-4726-417A-B828-3F917C864143}.Debug|Mixed Platforms.ActiveCfg = Debug|Win32
		{E1B0E4AD-4726-417A-B828-3F917C864143}.Debug|Mixed Platforms.Build.0 = Debug|Win32
		{E1B0E4AD-4726-417A-B828-3F917C864143}.Debug|Win32.ActiveCfg = Debug|Win32
		{E1B0E4AD-4726-417A-B828-3F917C864143}.Debug|Win32.Build.0 = Debug|Win32
		{E1B0E4AD-4726-417A-B828-3F917C864143}.Release|Any CPU.ActiveCfg = Release|Win32
		{E1B0E4AD-4726-417A-B828-3F917C864143}.Release|Mixed Platforms.ActiveCfg = Release|Win32
		{E1B0E4AD-4726-417A-B828-3F917C864143}.Release|Mixed Platforms.Build.0 = Release|Win32
		{E1B0E4AD-4726-417A-B828-3F917C864143}.Release|Win32.ActiveCfg = Release|Win32
		{E1B0E4AD-4726-417A-B828-3F917C864143}.Release|Win32.Build.0 = Release|Win32
		{056B1C70-4D7E-461C-8D73-313E07F6F367}.Debug|Any CPU.ActiveCfg = Debug|Win32
		{056B1C70-4D7E-461C-8D73-313E07F6F367}.Debug|Mixed Platforms.ActiveCfg = Debug|Win32
		{056B1C70-4D7E-461C-8D73-313E07F6F367}.Debug|Mixed Platforms.Build.0 = Debug|Win32
		{056B1C70-4D7E-461C-8D73-313E07F6F367}.Debug|Win32.ActiveCfg = Debug|Win32
		{056B1C70-4D7E-461C-8D73-313E07F6F367}.Debug|Win32.Build.0 = Debug|Win32
		{056B1C70-4D7E-461C-8D73-313E07F6F367}.Release|Any CPU.ActiveCfg = Release|Win32
		{056B1C70-4D7E-461C-8D73-313E07F6F367}.Release|Mixed Platforms.ActiveCfg = Release|Win32
		{056B1C70-4D7E-461C-8D73-313E07F6F367}.Release|Mixed Platforms.Build.0 = Release|Win32
		{056B1C70-4D7E-461C-8D73-313E07F6F367}.Release|Win32.ActiveCfg = Release|Win32
		{056B1C70-4D7E-461C-8D73-313E07F6F367}.Release|Win32.Build.0 = Release|Win32
		{3A565D0B-90E9-48FF-B6E1-92D89F995665}.Debug|Any CPU.ActiveCfg = Debug|Win32
		{3A565D0B-90E9-48FF-B6E1-92D89F995665}.Debug|Mixed Platforms.ActiveCfg = Debug|Win32
		{3A565D0B-90E9-48FF-B6E1-92D89F995665}.Debug|Mixed Platforms.Build.0 = Debug|Win32
		{3A565D0B-90E9-48FF-B6E1-92D89F995665}.Debug|Win32.ActiveCfg = Debug|Win32
		{3A565D0B-90E9-48FF-B6E1-92D89F995665}.Debug|Win32.Build.0 = Debug|Win32
		{3A565D0B-90E9-48FF-B6E1-92D89F995665}.Release|Any CPU.ActiveCfg = Release|Win32
		{3A565D0B-90E9-48FF-B6E1-92D89F995665}.Release|Mixed Platforms.ActiveCfg = Release|Win32
		{3A565D0B-90E9-48FF-B6E1-92D89F995665}.Release|Mixed Platforms.Build.0 = Release|Win32
		{3A565D0B-90E9-48FF-B6E1-92D89F995665}.Release|Win32.ActiveCfg = Release|Win32
		{3A565D0B-90E9-48FF-B6E1-92D89F995665}.Release|Win32.Build.0 = Release|Win32
		{DEACAD9F-EA3C-42CC-9DAB-70308FC3A2FA}.Debug|Any CPU.ActiveCfg = Debug|Win32
		{DEACAD9F-EA3C-42CC-9DAB-70308FC3A2FA}.Debug|Mixed Platforms.ActiveCfg = Debug|Win32
		{DEACAD9F-EA3C-42CC-9DAB-70308FC3A2FA}.Debug|Mixed Platforms.Build.0 = Debug|Win32
		{DEACAD9F-EA3C-42CC-9DAB-70308FC3A2FA}.Debug|Win32.ActiveCfg = Debug|Win32
		{DEACAD9F-EA3C-42CC-9DAB-70308FC3A2FA}.Debug|Win32.Build.0 = Debug|Win32
		{DEACAD9F-EA3C-42CC-9DAB-70308FC3A2FA}.Release|Any CPU.ActiveCfg = Release|Win32
		{DEACAD9F-EA3C-42CC-9DAB-70308FC3A2FA}.Release|Mixed Platforms.ActiveCfg = Release|Win32
		{DEACAD9F-EA3C-42CC-9DAB-70308FC3A2FA}.Release|Mixed Platforms.Build.0 = Release|Win32
		{DEACAD9F-EA3C-42CC-9DAB-70308FC3A2FA}.Release|Win32.ActiveCfg = Release|Win32
		{DEACAD9F-EA3C-42CC-9DAB-70308FC3A2FA}.Release|Win32.Build.0 = Release|Win32
		{CF501B28-5DE7-4DF8-9125-93F563D9FA97}.Debug|Any CPU.ActiveCfg = Debug|Win32
		{CF501B28-5DE7-4DF8-9125-93F563D9FA97}.Debug|Mixed Platforms.ActiveCfg = Debug|Win32
		{CF501B28-5DE7-4DF8-9125-93F563D9FA97}.Debug|Mixed Platforms.Build.0 = Debug|Win32
		{CF501B28-5DE7-4DF8-9125-93F563D9FA97}.Debug|Win32.ActiveCfg = Debug|Win32
		{CF501B28-5DE7-4DF8-9125-93F563D9FA97}.Debug|Win32.Build.0 = Debug|Win32
		{CF501B28-5DE7-4DF8-9125-93F563D9FA97}.Release|Any CPU.ActiveCfg = Release|Win32
		{CF501B28-5DE7-4DF8-9125-93F563D9FA97}.Release|Mixed Platforms.ActiveCfg = Release|Win32
		{CF501B28-5DE7-4DF8-9125-93F563D9FA97}.Release|Mixed Platforms.Build.0 = Release|Win32
		{CF501B28-5DE7-4DF8-9125-93F563D9FA97}.Release|Win32.ActiveCfg = Release|Win32
		{CF501B28-5DE7-4DF8-9125-93F563D9FA97}.Release|Win32.Build.0 = Release|Win32
		{51D452BD-7773-4E87-82C3-82E5A996F17D}.Debug|Any CPU.ActiveCfg = Debug|Win32
		{51D452BD-7773-4E87-82C3-82E5A996F17D}.Debug|Mixed Platforms.ActiveCfg = Debug|Win32
		{51D452BD-7773-4E87-82C3-82E5A996F17D}.Debug|Mixed Platforms.Build.0 = Debug|Win32
		{51D452BD-7773-4E87-82C3-82E5A996F17D}.Debug|Win32.ActiveCfg = Debug|Win32
		{51D452BD-7773-4E87-82C3-82E5A996F17D}.Debug|Win32.Build.0 = Debug|Win32
		{51D452BD-7773-4E87-82C3-82E5A996F17D}.Release|Any CPU.ActiveCfg = Release|Win32
		{51D452BD-7773-4E87-82C3-82E5A996F17D}.Release|Mixed Platforms.ActiveCfg = Release|Win32
		{51D452BD-7773-4E87-82C3-82E5A996F17D}.Release|Mixed Platforms.Build.0 = Release|Win32
		{51D452BD-7773-4E87-82C3-82E5A996F17D}.Release|Win32.ActiveCfg = Release|Win32
		{51D452BD-7773-4E87-82C3-82E5A996F17D}.Release|Win32.Build.0 = Release|Win32
		{CE49C88F-ED8B-4763-96CD-A66069F9C65D}.Debug|Any CPU.ActiveCfg = Debug|Win32
		{CE49C88F-ED8B-4763-96CD-A66069F9C65D}.Debug|Mixed Platforms.ActiveCfg = Debug|Win32
		{CE49C88F-ED8B-4763-96CD-A66069F9C65D}.Debug|Mixed Platforms.Build.0 = Debug|Win32
		{CE49C88F-ED8B-4763-96CD-A66069F9C65D}.Debug|Win32.ActiveCfg = Debug|Win32
		{CE49C88F-ED8B-4763-96CD-A66069F9C65D}.Debug|Win32.Build.0 = Debug|Win32
		{CE49C88F-ED8B-4763-96CD-A66069F9C65D}.Release|Any CPU.ActiveCfg = Release|Win32
		{CE49C88F-ED8B-4763-96CD-A66069F9C65D}.Release|Mixed Platforms.ActiveCfg = Release|Win32
		{CE49C88F-ED8B-4763-96CD-A66069F9C65D}.Release|Mixed Platforms.Build.0 = Release|Win32
		{CE49C88F-ED8B-4763-96CD-A66069F9C65D}.Release|Win32.ActiveCfg = Release|Win32
		{CE49C88F-ED8B-4763-96CD-A66069F9C65D}.Release|Win32.Build.0 = Release|Win32
		{11B2EAB5-17E4-4A28-BD18-748C994C9AEC}.Debug|Any CPU.ActiveCfg = Debug|Win32
		{11B2EAB5-17E4-4A28-BD18-748C994C9AEC}.Debug|Mixed Platforms.ActiveCfg = Debug|Win32
		{11B2EAB5-17E4-4A28-BD18-748C994C9AEC}.Debug|Mixed Platforms.Build.0 = Debug|Win32
		{11B2EAB5-17E4-4A28-BD18-748C994C9AEC}.Debug|Win32.ActiveCfg = Debug|Win32
		{11B2EAB5-17E4-4A28-BD18-748C994C9AEC}.Debug|Win32.Build.0 = Debug|Win32
		{11B2EAB5-17E4-4A28-BD18-748C994C9AEC}.Release|Any CPU.ActiveCfg = Release|Win32
		{11B2EAB5-17E4-4A28-BD18-748C994C9AEC}.Release|Mixed Platforms.ActiveCfg = Release|Win32
		{11B2EAB5-17E4-4A28-BD18-748C994C9AEC}.Release|Mixed Platforms.Build.0 = Release|Win32
		{11B2EAB5-17E4-4A28-BD18-748C994C9AEC}.Release|Win32.ActiveCfg = Release|Win32
		{11B2EAB5-17E4-4A28-BD18-748C994C9AEC}.Release|Win32.Build.0 = Release|Win32
		{B7A19B14-BC16-4085-B206-53E78D1E4F61}.Debug|Any CPU.ActiveCfg = Debug|Win32
		{B7A19B14-BC16-4085-B206-53E78D1E4F61}.Debug|Mixed Platforms.ActiveCfg = Debug|Win32
		{B7A19B14-BC16-4085-B206-53E78D1E4F61}.Debug|Mixed Platforms.Build.0 = Debug|Win32
		{B7A19B14-BC16-4085-B206-53E78D1E4F61}.Debug|Win32.ActiveCfg = Debug|Win32
		{B7A19B14-BC16-4085-B206-53E78D1E4F61}.Debug|Win32.Build.0 = Debug|Win32
		{B7A19B14-BC16-4085-B206-53E78D1E4F61}.Release|Any CPU.ActiveCfg = Release|Win32
		{B7A19B14-BC16-4085-B206-53E78D1E4F61}.Release|Mixed Platforms.ActiveCfg = Release|Win32
		{B7A19B14-BC16-4085-B206-53E78D1E4F61}.Release|Mixed Platforms.Build.0 = Release|Win32
		{B7A19B14-BC16-4085-B206-53E78D1E4F61}.Release|Win32.ActiveCfg = Release|Win32
		{B7A19B14-BC16-4085-B206-53E78D1E4F61}.Release|Win32.Build.0 = Release|Win32
		{3E9315AB-2F95-4CFC-922E-D6AC850C15FE}.Debug|Any CPU.ActiveCfg = Debug|Win32
		{3E9315AB-2F95-4CFC-922E-D6AC850C15FE}.Debug|Mixed Platforms.ActiveCfg = Debug|Win32
		{3E9315AB-2F95-4CFC-922E-D6AC850C15FE}.Debug|Mixed Platforms.Build.0 = Debug|Win32
		{3E9315AB-2F95-4CFC-922E-D6AC850C15FE}.Debug|Win32.ActiveCfg = Debug|Win32
		{3E9315AB-2F95-4CFC-922E-D6AC850C15FE}.Debug|Win32.Build.0 = Debug|Win32
		{3E9315AB-2F95-4CFC-922E-D6AC850C15FE}.Release|Any CPU.ActiveCfg = Release|Win32
		{3E9315AB-2F95-4CFC-922E-D6AC850C15FE}.Release|Mixed Platforms.ActiveCfg = Release|Win32
		{3E9315AB-2F95-4CFC-922E-D6AC850C15FE}.Release|Mixed Platforms.Build.0 = Release|Win32
		{3E9315AB-2F95-4CFC-922E-D6AC850C15FE}.Release|Win32.ActiveCfg = Release|Win32
		{3E9315AB-2F95-4CFC-922E-D6AC850C15FE}.Release|Win32.Build.0 = Release|Win32
		{F0F12F33-CEE9-4B3F-9E55-2D880898AD18}.Debug|Any CPU.ActiveCfg = Debug|Win32
		{F0F12F33-CEE9-4B3F-9E55-2D880898AD18}.Debug|Mixed Platforms.ActiveCfg = Debug|Win32
		{F0F12F33-CEE9-4B3F-9E55-2D880898AD18}.Debug|Mixed Platforms.Build.0 = Debug|Win32
		{F0F12F33-CEE9-4B3F-9E55-2D880898AD18}.Debug|Win32.ActiveCfg = Debug|Win32
		{F0F12F33-CEE9-4B3F-9E55-2D880898AD18}.Debug|Win32.Build.0 = Debug|Win32
		{F0F12F33-CEE9-4B3F-9E55-2D880898AD18}.Release|Any CPU.ActiveCfg = Release|Win32
		{F0F12F33-CEE9-4B3F-9E55-2D880898AD18}.Release|Mixed Platforms.ActiveCfg = Release|Win32
		{F0F12F33-CEE9-4B3F-9E55-2D880898AD18}.Release|Mixed Platforms.Build.0 = Release|Win32
		{F0F12F33-CEE9-4B3F-9E55-2D880898AD18}.Release|Win32.ActiveCfg = Release|Win32
		{F0F12F33-CEE9-4B3F-9E55-2D880898AD18}.Release|Win32.Build.0 = Release|Win32
		{27DAF113-9CEC-463C-919E-3395B637D165}.Debug|Any CPU.ActiveCfg = Debug|Win32
		{27DAF113-9CEC-463C-919E-3395B637D165}.Debug|Mixed Platforms.ActiveCfg = Debug|Win32
		{27DAF113-9CEC-463C-919E-3395B637D165}.Debug|Mixed Platforms.Build.0 = Debug|Win32
		{27DAF113-9CEC-463C-919E-3395B637D165}.Debug|Win32.ActiveCfg = Debug|Win32
		{27DAF113-9CEC-463C-919E-3395B637D165}.Debug|Win32.Build.0 = Debug|Win32
		{27DAF113-9CEC-463C-919E-3395B637D165}.Release|Any CPU.ActiveCfg = Release|Win32
		{27DAF113-9CEC-463C-919E-3395B637D165}.Release|Mixed Platforms.ActiveCfg = Release|Win32
		{27DAF113-9CEC-463C-919E-3395B637D165}.Release|Mixed Platforms.Build.0 = Release|Win32
		{27DAF113-9CEC-463C-919E-3395B637D165}.Release|Win32.ActiveCfg = Release|Win32
		{27DAF113-9CEC-463C-919E-3395B637D165}.Release|Win32.Build.0 = Release|Win32
		{6020828A-EB43-4084-A3BD-D3FC66B00770}.Debug|Any CPU.ActiveCfg = Debug|Win32
		{6020828A-EB43-4084-A3BD-D3FC66B00770}.Debug|Mixed Platforms.ActiveCfg = Debug|Win32
		{6020828A-EB43-4084-A3BD-D3FC66B00770}.Debug|Mixed Platforms.Build.0 = Debug|Win32
		{6020828A-EB43-4084-A3BD-D3FC66B00770}.Debug|Win32.ActiveCfg = Debug|Win32
		{6020828A-EB43-4084-A3BD-D3FC66B00770}.Debug|Win32.Build.0 = Debug|Win32
		{6020828A-EB43-4084-A3BD-D3FC66B00770}.Release|Any CPU.ActiveCfg = Release|Win32
		{6020828A-EB43-4084-A3BD-D3FC66B00770}.Release|Mixed Platforms.ActiveCfg = Release|Win32
		{6020828A-EB43-4084-A3BD-D3FC66B00770}.Release|Mixed Platforms.Build.0 = Release|Win32
		{6020828A-EB43-4084-A3BD-D3FC66B00770}.Release|Win32.ActiveCfg = Release|Win32
		{6020828A-EB43-4084-A3BD-D3FC66B00770}.Release|Win32.Build.0 = Release|Win32
		{668A5AF7-A4BF-4E08-A6B9-53761096B5CF}.Debug|Any CPU.ActiveCfg = Debug|Win32
		{668A5AF7-A4BF-4E08-A6B9-53761096B5CF}.Debug|Mixed Platforms.ActiveCfg = Debug|Win32
		{668A5AF7-A4BF-4E08-A6B9-53761096B5CF}.Debug|Mixed Platforms.Build.0 = Debug|Win32
		{668A5AF7-A4BF-4E08-A6B9-53761096B5CF}.Debug|Win32.ActiveCfg = Debug|Win32
		{668A5AF7-A4BF-4E08-A6B9-53761096B5CF}.Debug|Win32.Build.0 = Debug|Win32
		{668A5AF7-A4BF-4E08-A6B9-53761096B5CF}.Release|Any CPU.ActiveCfg = Release|Win32
		{668A5AF7-A4BF-4E08-A6B9-53761096B5CF}.Release|Mixed Platforms.ActiveCfg = Release|Win32
		{668A5AF7-A4BF-4E08-A6B9-53761096B5CF}.Release|Mixed Platforms.Build.0 = Release|Win32
		{668A5AF7-A4BF-4E08-A6B9-53761096B5CF}.Release|Win32.ActiveCfg = Release|Win32
		{668A5AF7-A4BF-4E08-A6B9-53761096B5CF}.Release|Win32.Build.0 = Release|Win32
		{4574C337-78A5-4E24-A26F-A9112C32E81A}.Debug|Any CPU.ActiveCfg = Debug|Win32
		{4574C337-78A5-4E24-A26F-A9112C32E81A}.Debug|Mixed Platforms.ActiveCfg = Debug|Win32
		{4574C337-78A5-4E24-A26F-A9112C32E81A}.Debug|Mixed Platforms.Build.0 = Debug|Win32
		{4574C337-78A5-4E24-A26F-A9112C32E81A}.Debug|Win32.ActiveCfg = Debug|Win32
		{4574C337-78A5-4E24-A26F-A9112C32E81A}.Debug|Win32.Build.0 = Debug|Win32
		{4574C337-78A5-4E24-A26F-A9112C32E81A}.Release|Any CPU.ActiveCfg = Release|Win32
		{4574C337-78A5-4E24-A26F-A9112C32E81A}.Release|Mixed Platforms.ActiveCfg = Release|Win32
		{4574C337-78A5-4E24-A26F-A9112C32E81A}.Release|Mixed Platforms.Build.0 = Release|Win32
		{4574C337-78A5-4E24-A26F-A9112C32E81A}.Release|Win32.ActiveCfg = Release|Win32
		{4574C337-78A5-4E24-A26F-A9112C32E81A}.Release|Win32.Build.0 = Release|Win32
		{33CF45AD-A743-4001-B7E0-2261D9D7FA1F}.Debug|Any CPU.ActiveCfg = Debug|Win32
		{33CF45AD-A743-4001-B7E0-2261D9D7FA1F}.Debug|Mixed Platforms.ActiveCfg = Debug|Win32
		{33CF45AD-A743-4001-B7E0-2261D9D7FA1F}.Debug|Mixed Platforms.Build.0 = Debug|Win32
		{33CF45AD-A743-4001-B7E0-2261D9D7FA1F}.Debug|Win32.ActiveCfg = Debug|Win32
		{33CF45AD-A743-4001-B7E0-2261D9D7FA1F}.Debug|Win32.Build.0 = Debug|Win32
		{33CF45AD-A743-4001-B7E0-2261D9D7FA1F}.Release|Any CPU.ActiveCfg = Release|Win32
		{33CF45AD-A743-4001-B7E0-2261D9D7FA1F}.Release|Mixed Platforms.ActiveCfg = Release|Win32
		{33CF45AD-A743-4001-B7E0-2261D9D7FA1F}.Release|Mixed Platforms.Build.0 = Release|Win32
		{33CF45AD-A743-4001-B7E0-2261D9D7FA1F}.Release|Win32.ActiveCfg = Release|Win32
		{33CF45AD-A743-4001-B7E0-2261D9D7FA1F}.Release|Win32.Build.0 = Release|Win32
		{0A40C321-445F-4EC4-9213-625F2D0862D3}.Debug|Any CPU.ActiveCfg = Debug|Win32
		{0A40C321-445F-4EC4-9213-625F2D0862D3}.Debug|Mixed Platforms.ActiveCfg = Debug|Win32
		{0A40C321-445F-4EC4-9213-625F2D0862D3}.Debug|Mixed Platforms.Build.0 = Debug|Win32
		{0A40C321-445F-4EC4-9213-625F2D0862D3}.Debug|Win32.ActiveCfg = Debug|Win32
		{0A40C321-445F-4EC4-9213-625F2D0862D3}.Debug|Win32.Build.0 = Debug|Win32
		{0A40C321-445F-4EC4-9213-625F2D0862D3}.Release|Any CPU.ActiveCfg = Release|Win32
		{0A40C321-445F-4EC4-9213-625F2D0862D3}.Release|Mixed Platforms.ActiveCfg = Release|Win32
		{0A40C321-445F-4EC4-9213-625F2D0862D3}.Release|Mixed Platforms.Build.0 = Release|Win32
		{0A40C321-445F-4EC4-9213-625F2D0862D3}.Release|Win32.ActiveCfg = Release|Win32
		{0A40C321-445F-4EC4-9213-625F2D0862D3}.Release|Win32.Build.0 = Release|Win32
		{36AD2CF1-6FF9-440B-A7BA-8F14D8D6AB9E}.Debug|Any CPU.ActiveCfg = Debug|Win32
		{36AD2CF1-6FF9-440B-A7BA-8F14D8D6AB9E}.Debug|Mixed Platforms.ActiveCfg = Debug|Win32
		{36AD2CF1-6FF9-440B-A7BA-8F14D8D6AB9E}.Debug|Mixed Platforms.Build.0 = Debug|Win32
		{36AD2CF1-6FF9-440B-A7BA-8F14D8D6AB9E}.Debug|Win32.ActiveCfg = Debug|Win32
		{36AD2CF1-6FF9-440B-A7BA-8F14D8D6AB9E}.Debug|Win32.Build.0 = Debug|Win32
		{36AD2CF1-6FF9-440B-A7BA-8F14D8D6AB9E}.Release|Any CPU.ActiveCfg = Release|Win32
		{36AD2CF1-6FF9-440B-A7BA-8F14D8D6AB9E}.Release|Mixed Platforms.ActiveCfg = Release|Win32
		{36AD2CF1-6FF9-440B-A7BA-8F14D8D6AB9E}.Release|Mixed Platforms.Build.0 = Release|Win32
		{36AD2CF1-6FF9-440B-A7BA-8F14D8D6AB9E}.Release|Win32.ActiveCfg = Release|Win32
		{36AD2CF1-6FF9-440B-A7BA-8F14D8D6AB9E}.Release|Win32.Build.0 = Release|Win32
		{8A989FF6-103C-4728-B0F8-AD18214FDA22}.Debug|Any CPU.ActiveCfg = Debug|Win32
		{8A989FF6-103C-4728-B0F8-AD18214FDA22}.Debug|Mixed Platforms.ActiveCfg = Debug|Win32
		{8A989FF6-103C-4728-B0F8-AD18214FDA22}.Debug|Mixed Platforms.Build.0 = Debug|Win32
		{8A989FF6-103C-4728-B0F8-AD18214FDA22}.Debug|Win32.ActiveCfg = Debug|Win32
		{8A989FF6-103C-4728-B0F8-AD18214FDA22}.Debug|Win32.Build.0 = Debug|Win32
		{8A989FF6-103C-4728-B0F8-AD18214FDA22}.Release|Any CPU.ActiveCfg = Release|Win32
		{8A989FF6-103C-4728-B0F8-AD18214FDA22}.Release|Mixed Platforms.ActiveCfg = Release|Win32
		{8A989FF6-103C-4728-B0F8-AD18214FDA22}.Release|Mixed Platforms.Build.0 = Release|Win32
		{8A989FF6-103C-4728-B0F8-AD18214FDA22}.Release|Win32.ActiveCfg = Release|Win32
		{8A989FF6-103C-4728-B0F8-AD18214FDA22}.Release|Win32.Build.0 = Release|Win32
		{D4ADED3D-5FD5-40CF-A023-0E6D9478FF85}.Debug|Any CPU.ActiveCfg = Debug|Win32
		{D4ADED3D-5FD5-40CF-A023-0E6D9478FF85}.Debug|Mixed Platforms.ActiveCfg = Debug|Win32
		{D4ADED3D-5FD5-40CF-A023-0E6D9478FF85}.Debug|Mixed Platforms.Build.0 = Debug|Win32
		{D4ADED3D-5FD5-40CF-A023-0E6D9478FF85}.Debug|Win32.ActiveCfg = Debug|Win32
		{D4ADED3D-5FD5-40CF-A023-0E6D9478FF85}.Debug|Win32.Build.0 = Debug|Win32
		{D4ADED3D-5FD5-40CF-A023-0E6D9478FF85}.Release|Any CPU.ActiveCfg = Release|Win32
		{D4ADED3D-5FD5-40CF-A023-0E6D9478FF85}.Release|Mixed Platforms.ActiveCfg = Release|Win32
		{D4ADED3D-5FD5-40CF-A023-0E6D9478FF85}.Release|Mixed Platforms.Build.0 = Release|Win32
		{D4ADED3D-5FD5-40CF-A023-0E6D9478FF85}.Release|Win32.ActiveCfg = Release|Win32
		{D4ADED3D-5FD5-40CF-A023-0E6D9478FF85}.Release|Win32.Build.0 = Release|Win32
		{CB0012C5-145F-4ABA-900A-15D1C5FB9BC5}.Debug|Any CPU.ActiveCfg = Debug|Win32
		{CB0012C5-145F-4ABA-900A-15D1C5FB9BC5}.Debug|Mixed Platforms.ActiveCfg = Debug|Win32
		{CB0012C5-145F-4ABA-900A-15D1C5FB9BC5}.Debug|Mixed Platforms.Build.0 = Debug|Win32
		{CB0012C5-145F-4ABA-900A-15D1C5FB9BC5}.Debug|Win32.ActiveCfg = Debug|Win32
		{CB0012C5-145F-4ABA-900A-15D1C5FB9BC5}.Debug|Win32.Build.0 = Debug|Win32
		{CB0012C5-145F-4ABA-900A-15D1C5FB9BC5}.Release|Any CPU.ActiveCfg = Release|Win32
		{CB0012C5-145F-4ABA-900A-15D1C5FB9BC5}.Release|Mixed Platforms.ActiveCfg = Release|Win32
		{CB0012C5-145F-4ABA-900A-15D1C5FB9BC5}.Release|Mixed Platforms.Build.0 = Release|Win32
		{CB0012C5-145F-4ABA-900A-15D1C5FB9BC5}.Release|Win32.ActiveCfg = Release|Win32
		{CB0012C5-145F-4ABA-900A-15D1C5FB9BC5}.Release|Win32.Build.0 = Release|Win32
		{5D65C404-87A8-4CDD-8D03-A02C9A318E38}.Debug|Any CPU.ActiveCfg = Debug|Win32
		{5D65C404-87A8-4CDD-8D03-A02C9A318E38}.Debug|Mixed Platforms.ActiveCfg = Debug|Win32
		{5D65C404-87A8-4CDD-8D03-A02C9A318E38}.Debug|Mixed Platforms.Build.0 = Debug|Win32
		{5D65C404-87A8-4CDD-8D03-A02C9A318E38}.Debug|Win32.ActiveCfg = Debug|Win32
		{5D65C404-87A8-4CDD-8D03-A02C9A318E38}.Debug|Win32.Build.0 = Debug|Win32
		{5D65C404-87A8-4CDD-8D03-A02C9A318E38}.Release|Any CPU.ActiveCfg = Release|Win32
		{5D65C404-87A8-4CDD-8D03-A02C9A318E38}.Release|Mixed Platforms.ActiveCfg = Release|Win32
		{5D65C404-87A8-4CDD-8D03-A02C9A318E38}.Release|Mixed Platforms.Build.0 = Release|Win32
		{5D65C404-87A8-4CDD-8D03-A02C9A318E38}.Release|Win32.ActiveCfg = Release|Win32
		{5D65C404-87A8-4CDD-8D03-A02C9A318E38}.Release|Win32.Build.0 = Release|Win32
		{4CFCC8B7-F4EF-4936-BFAA-ECAB62C9F2D6}.Debug|Any CPU.ActiveCfg = Debug|Win32
		{4CFCC8B7-F4EF-4936-BFAA-ECAB62C9F2D6}.Debug|Mixed Platforms.ActiveCfg = Debug|Win32
		{4CFCC8B7-F4EF-4936-BFAA-ECAB62C9F2D6}.Debug|Mixed Platforms.Build.0 = Debug|Win32
		{4CFCC8B7-F4EF-4936-BFAA-ECAB62C9F2D6}.Debug|Win32.ActiveCfg = Debug|Win32
		{4CFCC8B7-F4EF-4936-BFAA-ECAB62C9F2D6}.Debug|Win32.Build.0 = Debug|Win32
		{4CFCC8B7-F4EF-4936-BFAA-ECAB62C9F2D6}.Release|Any CPU.ActiveCfg = Release|Win32
		{4CFCC8B7-F4EF-4936-BFAA-ECAB62C9F2D6}.Release|Mixed Platforms.ActiveCfg = Release|Win32
		{4CFCC8B7-F4EF-4936-BFAA-ECAB62C9F2D6}.Release|Mixed Platforms.Build.0 = Release|Win32
		{4CFCC8B7-F4EF-4936-BFAA-ECAB62C9F2D6}.Release|Win32.ActiveCfg = Release|Win32
		{4CFCC8B7-F4EF-4936-BFAA-ECAB62C9F2D6}.Release|Win32.Build.0 = Release|Win32
		{301DB701-95F7-48F9-B45F-2A45CFDBDDDC}.Debug|Any CPU.ActiveCfg = Debug|Win32
		{301DB701-95F7-48F9-B45F-2A45CFDBDDDC}.Debug|Mixed Platforms.ActiveCfg = Debug|Win32
		{301DB701-95F7-48F9-B45F-2A45CFDBDDDC}.Debug|Mixed Platforms.Build.0 = Debug|Win32
		{301DB701-95F7-48F9-B45F-2A45CFDBDDDC}.Debug|Win32.ActiveCfg = Debug|Win32
		{301DB701-95F7-48F9-B45F-2A45CFDBDDDC}.Debug|Win32.Build.0 = Debug|Win32
		{301DB701-95F7-48F9-B45F-2A45CFDBDDDC}.Release|Any CPU.ActiveCfg = Release|Win32
		{301DB701-95F7-48F9-B45F-2A45CFDBDDDC}.Release|Mixed Platforms.ActiveCfg = Release|Win32
		{301DB701-95F7-48F9-B45F-2A45CFDBDDDC}.Release|Mixed Platforms.Build.0 = Release|Win32
		{301DB701-95F7-48F9-B45F-2A45CFDBDDDC}.Release|Win32.ActiveCfg = Release|Win32
		{301DB701-95F7-48F9-B45F-2A45CFDBDDDC}.Release|Win32.Build.0 = Release|Win32
		{B3AE1930-6829-4606-AD9D-9778D094E54D}.Debug|Any CPU.ActiveCfg = Debug|Win32
		{B3AE1930-6829-4606-AD9D-9778D094E54D}.Debug|Mixed Platforms.ActiveCfg = Debug|Win32
		{B3AE1930-6829-4606-AD9D-9778D094E54D}.Debug|Mixed Platforms.Build.0 = Debug|Win32
		{B3AE1930-6829-4606-AD9D-9778D094E54D}.Debug|Win32.ActiveCfg = Debug|Win32
		{B3AE1930-6829-4606-AD9D-9778D094E54D}.Debug|Win32.Build.0 = Debug|Win32
		{B3AE1930-6829-4606-AD9D-9778D094E54D}.Release|Any CPU.ActiveCfg = Release|Win32
		{B3AE1930-6829-4606-AD9D-9778D094E54D}.Release|Mixed Platforms.ActiveCfg = Release|Win32
		{B3AE1930-6829-4606-AD9D-9778D094E54D}.Release|Mixed Platforms.Build.0 = Release|Win32
		{B3AE1930-6829-4606-AD9D-9778D094E54D}.Release|Win32.ActiveCfg = Release|Win32
		{B3AE1930-6829-4606-AD9D-9778D094E54D}.Release|Win32.Build.0 = Release|Win32
		{D448DD48-EA48-45F1-AA93-D138DCCBCB2D}.Debug|Any CPU.ActiveCfg = Debug|Win32
		{D448DD48-EA48-45F1-AA93-D138DCCBCB2D}.Debug|Mixed Platforms.ActiveCfg = Debug|Win32
		{D448DD48-EA48-45F1-AA93-D138DCCBCB2D}.Debug|Mixed Platforms.Build.0 = Debug|Win32
		{D448DD48-EA48-45F1-AA93-D138DCCBCB2D}.Debug|Win32.ActiveCfg = Debug|Win32
		{D448DD48-EA48-45F1-AA93-D138DCCBCB2D}.Debug|Win32.Build.0 = Debug|Win32
		{D448DD48-EA48-45F1-AA93-D138DCCBCB2D}.Release|Any CPU.ActiveCfg = Release|Win32
		{D448DD48-EA48-45F1-AA93-D138DCCBCB2D}.Release|Mixed Platforms.ActiveCfg = Release|Win32
		{D448DD48-EA48-45F1-AA93-D138DCCBCB2D}.Release|Mixed Platforms.Build.0 = Release|Win32
		{D448DD48-EA48-45F1-AA93-D138DCCBCB2D}.Release|Win32.ActiveCfg = Release|Win32
		{D448DD48-EA48-45F1-AA93-D138DCCBCB2D}.Release|Win32.Build.0 = Release|Win32
		{FD5C46E2-CF8F-419E-BC2D-EE84E18C9119}.Debug|Any CPU.ActiveCfg = Debug|Win32
		{FD5C46E2-CF8F-419E-BC2D-EE84E18C9119}.Debug|Mixed Platforms.ActiveCfg = Debug|Win32
		{FD5C46E2-CF8F-419E-BC2D-EE84E18C9119}.Debug|Mixed Platforms.Build.0 = Debug|Win32
		{FD5C46E2-CF8F-419E-BC2D-EE84E18C9119}.Debug|Win32.ActiveCfg = Debug|Win32
		{FD5C46E2-CF8F-419E-BC2D-EE84E18C9119}.Debug|Win32.Build.0 = Debug|Win32
		{FD5C46E2-CF8F-419E-BC2D-EE84E18C9119}.Release|Any CPU.ActiveCfg = Release|Win32
		{FD5C46E2-CF8F-419E-BC2D-EE84E18C9119}.Release|Mixed Platforms.ActiveCfg = Release|Win32
		{FD5C46E2-CF8F-419E-BC2D-EE84E18C9119}.Release|Mixed Platforms.Build.0 = Release|Win32
		{FD5C46E2-CF8F-419E-BC2D-EE84E18C9119}.Release|Win32.ActiveCfg = Release|Win32
		{FD5C46E2-CF8F-419E-BC2D-EE84E18C9119}.Release|Win32.Build.0 = Release|Win32
		{0EED7C05-B1B9-429A-B24B-09BE481AEA29}.Debug|Any CPU.ActiveCfg = Debug|Win32
		{0EED7C05-B1B9-429A-B24B-09BE481AEA29}.Debug|Mixed Platforms.ActiveCfg = Debug|Win32
		{0EED7C05-B1B9-429A-B24B-09BE481AEA29}.Debug|Mixed Platforms.Build.0 = Debug|Win32
		{0EED7C05-B1B9-429A-B24B-09BE481AEA29}.Debug|Win32.ActiveCfg = Debug|Win32
		{0EED7C05-B1B9-429A-B24B-09BE481AEA29}.Debug|Win32.Build.0 = Debug|Win32
		{0EED7C05-B1B9-429A-B24B-09BE481AEA29}.Release|Any CPU.ActiveCfg = Release|Win32
		{0EED7C05-B1B9-429A-B24B-09BE481AEA29}.Release|Mixed Platforms.ActiveCfg = Release|Win32
		{0EED7C05-B1B9-429A-B24B-09BE481AEA29}.Release|Mixed Platforms.Build.0 = Release|Win32
		{0EED7C05-B1B9-429A-B24B-09BE481AEA29}.Release|Win32.ActiveCfg = Release|Win32
		{0EED7C05-B1B9-429A-B24B-09BE481AEA29}.Release|Win32.Build.0 = Release|Win32
		{BB275C47-2FB3-4DA4-92D7-93AD9E2A2575}.Debug|Any CPU.ActiveCfg = Debug|Win32
		{BB275C47-2FB3-4DA4-92D7-93AD9E2A2575}.Debug|Mixed Platforms.ActiveCfg = Debug|Win32
		{BB275C47-2FB3-4DA4-92D7-93AD9E2A2575}.Debug|Mixed Platforms.Build.0 = Debug|Win32
		{BB275C47-2FB3-4DA4-92D7-93AD9E2A2575}.Debug|Win32.ActiveCfg = Debug|Win32
		{BB275C47-2FB3-4DA4-92D7-93AD9E2A2575}.Debug|Win32.Build.0 = Debug|Win32
		{BB275C47-2FB3-4DA4-92D7-93AD9E2A2575}.Release|Any CPU.ActiveCfg = Release|Win32
		{BB275C47-2FB3-4DA4-92D7-93AD9E2A2575}.Release|Mixed Platforms.ActiveCfg = Release|Win32
		{BB275C47-2FB3-4DA4-92D7-93AD9E2A2575}.Release|Mixed Platforms.Build.0 = Release|Win32
		{BB275C47-2FB3-4DA4-92D7-93AD9E2A2575}.Release|Win32.ActiveCfg = Release|Win32
		{BB275C47-2FB3-4DA4-92D7-93AD9E2A2575}.Release|Win32.Build.0 = Release|Win32
		{CDF2C48C-B7AD-4122-973B-0F4CF0E19F75}.Debug|Any CPU.ActiveCfg = Debug|Win32
		{CDF2C48C-B7AD-4122-973B-0F4CF0E19F75}.Debug|Mixed Platforms.ActiveCfg = Debug|Win32
		{CDF2C48C-B7AD-4122-973B-0F4CF0E19F75}.Debug|Mixed Platforms.Build.0 = Debug|Win32
		{CDF2C48C-B7AD-4122-973B-0F4CF0E19F75}.Debug|Win32.ActiveCfg = Debug|Win32
		{CDF2C48C-B7AD-4122-973B-0F4CF0E19F75}.Debug|Win32.Build.0 = Debug|Win32
		{CDF2C48C-B7AD-4122-973B-0F4CF0E19F75}.Release|Any CPU.ActiveCfg = Release|Win32
		{CDF2C48C-B7AD-4122-973B-0F4CF0E19F75}.Release|Mixed Platforms.ActiveCfg = Release|Win32
		{CDF2C48C-B7AD-4122-973B-0F4CF0E19F75}.Release|Mixed Platforms.Build.0 = Release|Win32
		{CDF2C48C-B7AD-4122-973B-0F4CF0E19F75}.Release|Win32.ActiveCfg = Release|Win32
		{CDF2C48C-B7AD-4122-973B-0F4CF0E19F75}.Release|Win32.Build.0 = Release|Win32
		{395F864C-755A-44BC-ACEC-6E874A596463}.Debug|Any CPU.ActiveCfg = Debug|Win32
		{395F864C-755A-44BC-ACEC-6E874A596463}.Debug|Mixed Platforms.ActiveCfg = Debug|Win32
		{395F864C-755A-44BC-ACEC-6E874A596463}.Debug|Mixed Platforms.Build.0 = Debug|Win32
		{395F864C-755A-44BC-ACEC-6E874A596463}.Debug|Win32.ActiveCfg = Debug|Win32
		{395F864C-755A-44BC-ACEC-6E874A596463}.Debug|Win32.Build.0 = Debug|Win32
		{395F864C-755A-44BC-ACEC-6E874A596463}.Release|Any CPU.ActiveCfg = Release|Win32
		{395F864C-755A-44BC-ACEC-6E874A596463}.Release|Mixed Platforms.ActiveCfg = Release|Win32
		{395F864C-755A-44BC-ACEC-6E874A596463}.Release|Mixed Platforms.Build.0 = Release|Win32
		{395F864C-755A-44BC-ACEC-6E874A596463}.Release|Win32.ActiveCfg = Release|Win32
		{395F864C-755A-44BC-ACEC-6E874A596463}.Release|Win32.Build.0 = Release|Win32
		{97A54E8D-28AB-4D5F-BD3F-39EB3615ABE5}.Debug|Any CPU.ActiveCfg = Debug|Win32
		{97A54E8D-28AB-4D5F-BD3F-39EB3615ABE5}.Debug|Mixed Platforms.ActiveCfg = Debug|Win32
		{97A54E8D-28AB-4D5F-BD3F-39EB3615ABE5}.Debug|Mixed Platforms.Build.0 = Debug|Win32
		{97A54E8D-28AB-4D5F-BD3F-39EB3615ABE5}.Debug|Win32.ActiveCfg = Debug|Win32
		{97A54E8D-28AB-4D5F-BD3F-39EB3615ABE5}.Debug|Win32.Build.0 = Debug|Win32
		{97A54E8D-28AB-4D5F-BD3F-39EB3615ABE5}.Release|Any CPU.ActiveCfg = Release|Win32
		{97A54E8D-28AB-4D5F-BD3F-39EB3615ABE5}.Release|Mixed Platforms.ActiveCfg = Release|Win32
		{97A54E8D-28AB-4D5F-BD3F-39EB3615ABE5}.Release|Mixed Platforms.Build.0 = Release|Win32
		{97A54E8D-28AB-4D5F-BD3F-39EB3615ABE5}.Release|Win32.ActiveCfg = Release|Win32
		{97A54E8D-28AB-4D5F-BD3F-39EB3615ABE5}.Release|Win32.Build.0 = Release|Win32
		{07D6475E-B102-45C8-A1F9-230FC2CF9A09}.Debug|Any CPU.ActiveCfg = Debug|Win32
		{07D6475E-B102-45C8-A1F9-230FC2CF9A09}.Debug|Mixed Platforms.ActiveCfg = Debug|Win32
		{07D6475E-B102-45C8-A1F9-230FC2CF9A09}.Debug|Mixed Platforms.Build.0 = Debug|Win32
		{07D6475E-B102-45C8-A1F9-230FC2CF9A09}.Debug|Win32.ActiveCfg = Debug|Win32
		{07D6475E-B102-45C8-A1F9-230FC2CF9A09}.Debug|Win32.Build.0 = Debug|Win32
		{07D6475E-B102-45C8-A1F9-230FC2CF9A09}.Release|Any CPU.ActiveCfg = Release|Win32
		{07D6475E-B102-45C8-A1F9-230FC2CF9A09}.Release|Mixed Platforms.ActiveCfg = Release|Win32
		{07D6475E-B102-45C8-A1F9-230FC2CF9A09}.Release|Mixed Platforms.Build.0 = Release|Win32
		{07D6475E-B102-45C8-A1F9-230FC2CF9A09}.Release|Win32.ActiveCfg = Release|Win32
		{07D6475E-B102-45C8-A1F9-230FC2CF9A09}.Release|Win32.Build.0 = Release|Win32
		{9F79FE0A-4284-4CF5-9C94-24CAE129E5D3}.Debug|Any CPU.ActiveCfg = Debug|Win32
		{9F79FE0A-4284-4CF5-9C94-24CAE129E5D3}.Debug|Mixed Platforms.ActiveCfg = Debug|Win32
		{9F79FE0A-4284-4CF5-9C94-24CAE129E5D3}.Debug|Mixed Platforms.Build.0 = Debug|Win32
		{9F79FE0A-4284-4CF5-9C94-24CAE129E5D3}.Debug|Win32.ActiveCfg = Debug|Win32
		{9F79FE0A-4284-4CF5-9C94-24CAE129E5D3}.Debug|Win32.Build.0 = Debug|Win32
		{9F79FE0A-4284-4CF5-9C94-24CAE129E5D3}.Release|Any CPU.ActiveCfg = Release|Win32
		{9F79FE0A-4284-4CF5-9C94-24CAE129E5D3}.Release|Mixed Platforms.ActiveCfg = Release|Win32
		{9F79FE0A-4284-4CF5-9C94-24CAE129E5D3}.Release|Mixed Platforms.Build.0 = Release|Win32
		{9F79FE0A-4284-4CF5-9C94-24CAE129E5D3}.Release|Win32.ActiveCfg = Release|Win32
		{9F79FE0A-4284-4CF5-9C94-24CAE129E5D3}.Release|Win32.Build.0 = Release|Win32
		{2D097BAA-6ED0-4C33-AF37-F771C40950CA}.Debug|Any CPU.ActiveCfg = Debug|Win32
		{2D097BAA-6ED0-4C33-AF37-F771C40950CA}.Debug|Mixed Platforms.ActiveCfg = Debug|Win32
		{2D097BAA-6ED0-4C33-AF37-F771C40950CA}.Debug|Mixed Platforms.Build.0 = Debug|Win32
		{2D097BAA-6ED0-4C33-AF37-F771C40950CA}.Debug|Win32.ActiveCfg = Debug|Win32
		{2D097BAA-6ED0-4C33-AF37-F771C40950CA}.Debug|Win32.Build.0 = Debug|Win32
		{2D097BAA-6ED0-4C33-AF37-F771C40950CA}.Release|Any CPU.ActiveCfg = Release|Win32
		{2D097BAA-6ED0-4C33-AF37-F771C40950CA}.Release|Mixed Platforms.ActiveCfg = Release|Win32
		{2D097BAA-6ED0-4C33-AF37-F771C40950CA}.Release|Mixed Platforms.Build.0 = Release|Win32
		{2D097BAA-6ED0-4C33-AF37-F771C40950CA}.Release|Win32.ActiveCfg = Release|Win32
		{2D097BAA-6ED0-4C33-AF37-F771C40950CA}.Release|Win32.Build.0 = Release|Win32
		{D2255D06-2DE9-4D8D-A085-A2A0DC5E4F32}.Debug|Any CPU.ActiveCfg = Debug|Win32
		{D2255D06-2DE9-4D8D-A085-A2A0DC5E4F32}.Debug|Mixed Platforms.ActiveCfg = Debug|Win32
		{D2255D06-2DE9-4D8D-A085-A2A0DC5E4F32}.Debug|Mixed Platforms.Build.0 = Debug|Win32
		{D2255D06-2DE9-4D8D-A085-A2A0DC5E4F32}.Debug|Win32.ActiveCfg = Debug|Win32
		{D2255D06-2DE9-4D8D-A085-A2A0DC5E4F32}.Debug|Win32.Build.0 = Debug|Win32
		{D2255D06-2DE9-4D8D-A085-A2A0DC5E4F32}.Release|Any CPU.ActiveCfg = Release|Win32
		{D2255D06-2DE9-4D8D-A085-A2A0DC5E4F32}.Release|Mixed Platforms.ActiveCfg = Release|Win32
		{D2255D06-2DE9-4D8D-A085-A2A0DC5E4F32}.Release|Mixed Platforms.Build.0 = Release|Win32
		{D2255D06-2DE9-4D8D-A085-A2A0DC5E4F32}.Release|Win32.ActiveCfg = Release|Win32
		{D2255D06-2DE9-4D8D-A085-A2A0DC5E4F32}.Release|Win32.Build.0 = Release|Win32
		{BC6AF609-B593-4148-8C40-C0E3FEE13086}.Debug|Any CPU.ActiveCfg = Debug|Win32
		{BC6AF609-B593-4148-8C40-C0E3FEE13086}.Debug|Mixed Platforms.ActiveCfg = Debug|Win32
		{BC6AF609-B593-4148-8C40-C0E3FEE13086}.Debug|Mixed Platforms.Build.0 = Debug|Win32
		{BC6AF609-B593-4148-8C40-C0E3FEE13086}.Debug|Win32.ActiveCfg = Debug|Win32
		{BC6AF609-B593-4148-8C40-C0E3FEE13086}.Debug|Win32.Build.0 = Debug|Win32
		{BC6AF609-B593-4148-8C40-C0E3FEE13086}.Release|Any CPU.ActiveCfg = Release|Win32
		{BC6AF609-B593-4148-8C40-C0E3FEE13086}.Release|Mixed Platforms.ActiveCfg = Release|Win32
		{BC6AF609-B593-4148-8C40-C0E3FEE13086}.Release|Mixed Platforms.Build.0 = Release|Win32
		{BC6AF609-B593-4148-8C40-C0E3FEE13086}.Release|Win32.ActiveCfg = Release|Win32
		{BC6AF609-B593-4148-8C40-C0E3FEE13086}.Release|Win32.Build.0 = Release|Win32
		{EC9ED63E-3912-4879-8155-9EABA37BE1A3}.Debug|Any CPU.ActiveCfg = Debug|Win32
		{EC9ED63E-3912-4879-8155-9EABA37BE1A3}.Debug|Mixed Platforms.ActiveCfg = Debug|Win32
		{EC9ED63E-3912-4879-8155-9EABA37BE1A3}.Debug|Mixed Platforms.Build.0 = Debug|Win32
		{EC9ED63E-3912-4879-8155-9EABA37BE1A3}.Debug|Win32.ActiveCfg = Debug|Win32
		{EC9ED63E-3912-4879-8155-9EABA37BE1A3}.Debug|Win32.Build.0 = Debug|Win32
		{EC9ED63E-3912-4879-8155-9EABA37BE1A3}.Release|Any CPU.ActiveCfg = Release|Win32
		{EC9ED63E-3912-4879-8155-9EABA37BE1A3}.Release|Mixed Platforms.ActiveCfg = Release|Win32
		{EC9ED63E-3912-4879-8155-9EABA37BE1A3}.Release|Mixed Platforms.Build.0 = Release|Win32
		{EC9ED63E-3912-4879-8155-9EABA37BE1A3}.Release|Win32.ActiveCfg = Release|Win32
		{EC9ED63E-3912-4879-8155-9EABA37BE1A3}.Release|Win32.Build.0 = Release|Win32
		{757C52B8-F281-4608-B409-D9D6BDC4D998}.Debug|Any CPU.ActiveCfg = Debug|Win32
		{757C52B8-F281-4608-B409-D9D6BDC4D998}.Debug|Mixed Platforms.ActiveCfg = Debug|Win32
		{757C52B8-F281-4608-B409-D9D6BDC4D998}.Debug|Mixed Platforms.Build.0 = Debug|Win32
		{757C52B8-F281-4608-B409-D9D6BDC4D998}.Debug|Win32.ActiveCfg = Debug|Win32
		{757C52B8-F281-4608-B409-D9D6BDC4D998}.Debug|Win32.Build.0 = Debug|Win32
		{757C52B8-F281-4608-B409-D9D6BDC4D998}.Release|Any CPU.ActiveCfg = Release|Win32
		{757C52B8-F281-4608-B409-D9D6BDC4D998}.Release|Mixed Platforms.ActiveCfg = Release|Win32
		{757C52B8-F281-4608-B409-D9D6BDC4D998}.Release|Mixed Platforms.Build.0 = Release|Win32
		{757C52B8-F281-4608-B409-D9D6BDC4D998}.Release|Win32.ActiveCfg = Release|Win32
		{757C52B8-F281-4608-B409-D9D6BDC4D998}.Release|Win32.Build.0 = Release|Win32
		{EAAA0677-2F4C-4C0C-B952-5F35FD6C688E}.Debug|Any CPU.ActiveCfg = Debug|Win32
		{EAAA0677-2F4C-4C0C-B952-5F35FD6C688E}.Debug|Mixed Platforms.ActiveCfg = Debug|Win32
		{EAAA0677-2F4C-4C0C-B952-5F35FD6C688E}.Debug|Mixed Platforms.Build.0 = Debug|Win32
		{EAAA0677-2F4C-4C0C-B952-5F35FD6C688E}.Debug|Win32.ActiveCfg = Debug|Win32
		{EAAA0677-2F4C-4C0C-B952-5F35FD6C688E}.Debug|Win32.Build.0 = Debug|Win32
		{EAAA0677-2F4C-4C0C-B952-5F35FD6C688E}.Release|Any CPU.ActiveCfg = Release|Win32
		{EAAA0677-2F4C-4C0C-B952-5F35FD6C688E}.Release|Mixed Platforms.ActiveCfg = Release|Win32
		{EAAA0677-2F4C-4C0C-B952-5F35FD6C688E}.Release|Mixed Platforms.Build.0 = Release|Win32
		{EAAA0677-2F4C-4C0C-B952-5F35FD6C688E}.Release|Win32.ActiveCfg = Release|Win32
		{EAAA0677-2F4C-4C0C-B952-5F35FD6C688E}.Release|Win32.Build.0 = Release|Win32
		{7FE61A7E-C593-4AAA-8B1F-720D45149E28}.Debug|Any CPU.ActiveCfg = Debug|Win32
		{7FE61A7E-C593-4AAA-8B1F-720D45149E28}.Debug|Mixed Platforms.ActiveCfg = Debug|Win32
		{7FE61A7E-C593-4AAA-8B1F-720D45149E28}.Debug|Mixed Platforms.Build.0 = Debug|Win32
		{7FE61A7E-C593-4AAA-8B1F-720D45149E28}.Debug|Win32.ActiveCfg = Debug|Win32
		{7FE61A7E-C593-4AAA-8B1F-720D45149E28}.Debug|Win32.Build.0 = Debug|Win32
		{7FE61A7E-C593-4AAA-8B1F-720D45149E28}.Release|Any CPU.ActiveCfg = Release|Win32
		{7FE61A7E-C593-4AAA-8B1F-720D45149E28}.Release|Mixed Platforms.ActiveCfg = Release|Win32
		{7FE61A7E-C593-4AAA-8B1F-720D45149E28}.Release|Mixed Platforms.Build.0 = Release|Win32
		{7FE61A7E-C593-4AAA-8B1F-720D45149E28}.Release|Win32.ActiveCfg = Release|Win32
		{7FE61A7E-C593-4AAA-8B1F-720D45149E28}.Release|Win32.Build.0 = Release|Win32
		{7F970DAB-3444-4E1B-9DF5-AE8A3310F2F6}.Debug|Any CPU.ActiveCfg = Debug|Win32
		{7F970DAB-3444-4E1B-9DF5-AE8A3310F2F6}.Debug|Mixed Platforms.ActiveCfg = Debug|Win32
		{7F970DAB-3444-4E1B-9DF5-AE8A3310F2F6}.Debug|Mixed Platforms.Build.0 = Debug|Win32
		{7F970DAB-3444-4E1B-9DF5-AE8A3310F2F6}.Debug|Win32.ActiveCfg = Debug|Win32
		{7F970DAB-3444-4E1B-9DF5-AE8A3310F2F6}.Debug|Win32.Build.0 = Debug|Win32
		{7F970DAB-3444-4E1B-9DF5-AE8A3310F2F6}.Release|Any CPU.ActiveCfg = Release|Win32
		{7F970DAB-3444-4E1B-9DF5-AE8A3310F2F6}.Release|Mixed Platforms.ActiveCfg = Release|Win32
		{7F970DAB-3444-4E1B-9DF5-AE8A3310F2F6}.Release|Mixed Platforms.Build.0 = Release|Win32
		{7F970DAB-3444-4E1B-9DF5-AE8A3310F2F6}.Release|Win32.ActiveCfg = Release|Win32
		{7F970DAB-3444-4E1B-9DF5-AE8A3310F2F6}.Release|Win32.Build.0 = Release|Win32
		{184CA902-C53F-4BE7-882D-2FD3BC316B40}.Debug|Any CPU.ActiveCfg = Debug|Win32
		{184CA902-C53F-4BE7-882D-2FD3BC316B40}.Debug|Mixed Platforms.ActiveCfg = Debug|Win32
		{184CA902-C53F-4BE7-882D-2FD3BC316B40}.Debug|Mixed Platforms.Build.0 = Debug|Win32
		{184CA902-C53F-4BE7-882D-2FD3BC316B40}.Debug|Win32.ActiveCfg = Debug|Win32
		{184CA902-C53F-4BE7-882D-2FD3BC316B40}.Debug|Win32.Build.0 = Debug|Win32
		{184CA902-C53F-4BE7-882D-2FD3BC316B40}.Release|Any CPU.ActiveCfg = Release|Win32
		{184CA902-C53F-4BE7-882D-2FD3BC316B40}.Release|Mixed Platforms.ActiveCfg = Release|Win32
		{184CA902-C53F-4BE7-882D-2FD3BC316B40}.Release|Mixed Platforms.Build.0 = Release|Win32
		{184CA902-C53F-4BE7-882D-2FD3BC316B40}.Release|Win32.ActiveCfg = Release|Win32
		{184CA902-C53F-4BE7-882D-2FD3BC316B40}.Release|Win32.Build.0 = Release|Win32
		{E061C942-3B8C-413B-8CB2-DDF280F57405}.Debug|Any CPU.ActiveCfg = Debug|Win32
		{E061C942-3B8C-413B-8CB2-DDF280F57405}.Debug|Mixed Platforms.ActiveCfg = Debug|Win32
		{E061C942-3B8C-413B-8CB2-DDF280F57405}.Debug|Mixed Platforms.Build.0 = Debug|Win32
		{E061C942-3B8C-413B-8CB2-DDF280F57405}.Debug|Win32.ActiveCfg = Debug|Win32
		{E061C942-3B8C-413B-8CB2-DDF280F57405}.Debug|Win32.Build.0 = Debug|Win32
		{E061C942-3B8C-413B-8CB2-DDF280F57405}.Release|Any CPU.ActiveCfg = Release|Win32
		{E061C942-3B8C-413B-8CB2-DDF280F57405}.Release|Mixed Platforms.ActiveCfg = Release|Win32
		{E061C942-3B8C-413B-8CB2-DDF280F57405}.Release|Mixed Platforms.Build.0 = Release|Win32
		{E061C942-3B8C-413B-8CB2-DDF280F57405}.Release|Win32.ActiveCfg = Release|Win32
		{E061C942-3B8C-413B-8CB2-DDF280F57405}.Release|Win32.Build.0 = Release|Win32
		{67B9CEFE-D5D7-44A9-B7A4-945AC2544EB0}.Debug|Any CPU.ActiveCfg = Debug|Win32
		{67B9CEFE-D5D7-44A9-B7A4-945AC2544EB0}.Debug|Mixed Platforms.ActiveCfg = Debug|Win32
		{67B9CEFE-D5D7-44A9-B7A4-945AC2544EB0}.Debug|Mixed Platforms.Build.0 = Debug|Win32
		{67B9CEFE-D5D7-44A9-B7A4-945AC2544EB0}.Debug|Win32.ActiveCfg = Debug|Win32
		{67B9CEFE-D5D7-44A9-B7A4-945AC2544EB0}.Debug|Win32.Build.0 = Debug|Win32
		{67B9CEFE-D5D7-44A9-B7A4-945AC2544EB0}.Release|Any CPU.ActiveCfg = Release|Win32
		{67B9CEFE-D5D7-44A9-B7A4-945AC2544EB0}.Release|Mixed Platforms.ActiveCfg = Release|Win32
		{67B9CEFE-D5D7-44A9-B7A4-945AC2544EB0}.Release|Mixed Platforms.Build.0 = Release|Win32
		{67B9CEFE-D5D7-44A9-B7A4-945AC2544EB0}.Release|Win32.ActiveCfg = Release|Win32
		{67B9CEFE-D5D7-44A9-B7A4-945AC2544EB0}.Release|Win32.Build.0 = Release|Win32
		{9C0A7892-8932-4E90-95C8-1A653E922262}.Debug|Any CPU.ActiveCfg = Debug|Win32
		{9C0A7892-8932-4E90-95C8-1A653E922262}.Debug|Mixed Platforms.ActiveCfg = Debug|Win32
		{9C0A7892-8932-4E90-95C8-1A653E922262}.Debug|Mixed Platforms.Build.0 = Debug|Win32
		{9C0A7892-8932-4E90-95C8-1A653E922262}.Debug|Win32.ActiveCfg = Debug|Win32
		{9C0A7892-8932-4E90-95C8-1A653E922262}.Debug|Win32.Build.0 = Debug|Win32
		{9C0A7892-8932-4E90-95C8-1A653E922262}.Release|Any CPU.ActiveCfg = Release|Win32
		{9C0A7892-8932-4E90-95C8-1A653E922262}.Release|Mixed Platforms.ActiveCfg = Release|Win32
		{9C0A7892-8932-4E90-95C8-1A653E922262}.Release|Mixed Platforms.Build.0 = Release|Win32
		{9C0A7892-8932-4E90-95C8-1A653E922262}.Release|Win32.ActiveCfg = Release|Win32
		{9C0A7892-8932-4E90-95C8-1A653E922262}.Release|Win32.Build.0 = Release|Win32
		{6212A27A-88AC-4C0B-813C-6CD69F589AB7}.Debug|Any CPU.ActiveCfg = Debug|Win32
		{6212A27A-88AC-4C0B-813C-6CD69F589AB7}.Debug|Mixed Platforms.ActiveCfg = Debug|Win32
		{6212A27A-88AC-4C0B-813C-6CD69F589AB7}.Debug|Mixed Platforms.Build.0 = Debug|Win32
		{6212A27A-88AC-4C0B-813C-6CD69F589AB7}.Debug|Win32.ActiveCfg = Debug|Win32
		{6212A27A-88AC-4C0B-813C-6CD69F589AB7}.Debug|Win32.Build.0 = Debug|Win32
		{6212A27A-88AC-4C0B-813C-6CD69F589AB7}.Release|Any CPU.ActiveCfg = Release|Win32
		{6212A27A-88AC-4C0B-813C-6CD69F589AB7}.Release|Mixed Platforms.ActiveCfg = Release|Win32
		{6212A27A-88AC-4C0B-813C-6CD69F589AB7}.Release|Mixed Platforms.Build.0 = Release|Win32
		{6212A27A-88AC-4C0B-813C-6CD69F589AB7}.Release|Win32.ActiveCfg = Release|Win32
		{6212A27A-88AC-4C0B-813C-6CD69F589AB7}.Release|Win32.Build.0 = Release|Win32
		{A06CD6A0-3992-416D-B6C8-581E01BC08EE}.Debug|Any CPU.ActiveCfg = Debug|Win32
		{A06CD6A0-3992-416D-B6C8-581E01BC08EE}.Debug|Mixed Platforms.ActiveCfg = Debug|Win32
		{A06CD6A0-3992-416D-B6C8-581E01BC08EE}.Debug|Mixed Platforms.Build.0 = Debug|Win32
		{A06CD6A0-3992-416D-B6C8-581E01BC08EE}.Debug|Win32.ActiveCfg = Debug|Win32
		{A06CD6A0-3992-416D-B6C8-581E01BC08EE}.Debug|Win32.Build.0 = Debug|Win32
		{A06CD6A0-3992-416D-B6C8-581E01BC08EE}.Release|Any CPU.ActiveCfg = Release|Win32
		{A06CD6A0-3992-416D-B6C8-581E01BC08EE}.Release|Mixed Platforms.ActiveCfg = Release|Win32
		{A06CD6A0-3992-416D-B6C8-581E01BC08EE}.Release|Mixed Platforms.Build.0 = Release|Win32
		{A06CD6A0-3992-416D-B6C8-581E01BC08EE}.Release|Win32.ActiveCfg = Release|Win32
		{A06CD6A0-3992-416D-B6C8-581E01BC08EE}.Release|Win32.Build.0 = Release|Win32
		{43A69DCE-CC3E-4CA7-9B4E-3BEF731F9BA0}.Debug|Any CPU.ActiveCfg = Debug|Win32
		{43A69DCE-CC3E-4CA7-9B4E-3BEF731F9BA0}.Debug|Mixed Platforms.ActiveCfg = Debug|Win32
		{43A69DCE-CC3E-4CA7-9B4E-3BEF731F9BA0}.Debug|Mixed Platforms.Build.0 = Debug|Win32
		{43A69DCE-CC3E-4CA7-9B4E-3BEF731F9BA0}.Debug|Win32.ActiveCfg = Debug|Win32
		{43A69DCE-CC3E-4CA7-9B4E-3BEF731F9BA0}.Debug|Win32.Build.0 = Debug|Win32
		{43A69DCE-CC3E-4CA7-9B4E-3BEF731F9BA0}.Release|Any CPU.ActiveCfg = Release|Win32
		{43A69DCE-CC3E-4CA7-9B4E-3BEF731F9BA0}.Release|Mixed Platforms.ActiveCfg = Release|Win32
		{43A69DCE-CC3E-4CA7-9B4E-3BEF731F9BA0}.Release|Mixed Platforms.Build.0 = Release|Win32
		{43A69DCE-CC3E-4CA7-9B4E-3BEF731F9BA0}.Release|Win32.ActiveCfg = Release|Win32
		{43A69DCE-CC3E-4CA7-9B4E-3BEF731F9BA0}.Release|Win32.Build.0 = Release|Win32
		{35B7B187-D6B2-464F-8DAF-ABC15CEE56A8}.Debug|Any CPU.ActiveCfg = Debug|Win32
		{35B7B187-D6B2-464F-8DAF-ABC15CEE56A8}.Debug|Mixed Platforms.ActiveCfg = Debug|Win32
		{35B7B187-D6B2-464F-8DAF-ABC15CEE56A8}.Debug|Mixed Platforms.Build.0 = Debug|Win32
		{35B7B187-D6B2-464F-8DAF-ABC15CEE56A8}.Debug|Win32.ActiveCfg = Debug|Win32
		{35B7B187-D6B2-464F-8DAF-ABC15CEE56A8}.Debug|Win32.Build.0 = Debug|Win32
		{35B7B187-D6B2-464F-8DAF-ABC15CEE56A8}.Release|Any CPU.ActiveCfg = Release|Win32
		{35B7B187-D6B2-464F-8DAF-ABC15CEE56A8}.Release|Mixed Platforms.ActiveCfg = Release|Win32
		{35B7B187-D6B2-464F-8DAF-ABC15CEE56A8}.Release|Mixed Platforms.Build.0 = Release|Win32
		{35B7B187-D6B2-464F-8DAF-ABC15CEE56A8}.Release|Win32.ActiveCfg = Release|Win32
		{35B7B187-D6B2-464F-8DAF-ABC15CEE56A8}.Release|Win32.Build.0 = Release|Win32
		{3743A0B9-EFC7-476A-BD1B-35EAF9B41CB8}.Debug|Any CPU.ActiveCfg = Debug|Win32
		{3743A0B9-EFC7-476A-BD1B-35EAF9B41CB8}.Debug|Mixed Platforms.ActiveCfg = Debug|Win32
		{3743A0B9-EFC7-476A-BD1B-35EAF9B41CB8}.Debug|Mixed Platforms.Build.0 = Debug|Win32
		{3743A0B9-EFC7-476A-BD1B-35EAF9B41CB8}.Debug|Win32.ActiveCfg = Debug|Win32
		{3743A0B9-EFC7-476A-BD1B-35EAF9B41CB8}.Debug|Win32.Build.0 = Debug|Win32
		{3743A0B9-EFC7-476A-BD1B-35EAF9B41CB8}.Release|Any CPU.ActiveCfg = Release|Win32
		{3743A0B9-EFC7-476A-BD1B-35EAF9B41CB8}.Release|Mixed Platforms.ActiveCfg = Release|Win32
		{3743A0B9-EFC7-476A-BD1B-35EAF9B41CB8}.Release|Mixed Platforms.Build.0 = Release|Win32
		{3743A0B9-EFC7-476A-BD1B-35EAF9B41CB8}.Release|Win32.ActiveCfg = Release|Win32
		{3743A0B9-EFC7-476A-BD1B-35EAF9B41CB8}.Release|Win32.Build.0 = Release|Win32
		{A9CCFD13-A3E1-4E79-BBFE-CABF06183700}.Debug|Any CPU.ActiveCfg = Debug|Win32
		{A9CCFD13-A3E1-4E79-BBFE-CABF06183700}.Debug|Mixed Platforms.ActiveCfg = Debug|Win32
		{A9CCFD13-A3E1-4E79-BBFE-CABF06183700}.Debug|Mixed Platforms.Build.0 = Debug|Win32
		{A9CCFD13-A3E1-4E79-BBFE-CABF06183700}.Debug|Win32.ActiveCfg = Debug|Win32
		{A9CCFD13-A3E1-4E79-BBFE-CABF06183700}.Debug|Win32.Build.0 = Debug|Win32
		{A9CCFD13-A3E1-4E79-BBFE-CABF06183700}.Release|Any CPU.ActiveCfg = Release|Win32
		{A9CCFD13-A3E1-4E79-BBFE-CABF06183700}.Release|Mixed Platforms.ActiveCfg = Release|Win32
		{A9CCFD13-A3E1-4E79-BBFE-CABF06183700}.Release|Mixed Platforms.Build.0 = Release|Win32
		{A9CCFD13-A3E1-4E79-BBFE-CABF06183700}.Release|Win32.ActiveCfg = Release|Win32
		{A9CCFD13-A3E1-4E79-BBFE-CABF06183700}.Release|Win32.Build.0 = Release|Win32
		{8CFA73E3-7AB4-4F60-A31C-04E268B13EAA}.Debug|Any CPU.ActiveCfg = Debug|Win32
		{8CFA73E3-7AB4-4F60-A31C-04E268B13EAA}.Debug|Mixed Platforms.ActiveCfg = Debug|Win32
		{8CFA73E3-7AB4-4F60-A31C-04E268B13EAA}.Debug|Mixed Platforms.Build.0 = Debug|Win32
		{8CFA73E3-7AB4-4F60-A31C-04E268B13EAA}.Debug|Win32.ActiveCfg = Debug|Win32
		{8CFA73E3-7AB4-4F60-A31C-04E268B13EAA}.Debug|Win32.Build.0 = Debug|Win32
		{8CFA73E3-7AB4-4F60-A31C-04E268B13EAA}.Release|Any CPU.ActiveCfg = Release|Win32
		{8CFA73E3-7AB4-4F60-A31C-04E268B13EAA}.Release|Mixed Platforms.ActiveCfg = Release|Win32
		{8CFA73E3-7AB4-4F60-A31C-04E268B13EAA}.Release|Mixed Platforms.Build.0 = Release|Win32
		{8CFA73E3-7AB4-4F60-A31C-04E268B13EAA}.Release|Win32.ActiveCfg = Release|Win32
		{8CFA73E3-7AB4-4F60-A31C-04E268B13EAA}.Release|Win32.Build.0 = Release|Win32
		{099192C2-E389-4D17-BB23-C07456C1B547}.Debug|Any CPU.ActiveCfg = Debug|Win32
		{099192C2-E389-4D17-BB23-C07456C1B547}.Debug|Mixed Platforms.ActiveCfg = Debug|Win32
		{099192C2-E389-4D17-BB23-C07456C1B547}.Debug|Mixed Platforms.Build.0 = Debug|Win32
		{099192C2-E389-4D17-BB23-C07456C1B547}.Debug|Win32.ActiveCfg = Debug|Win32
		{099192C2-E389-4D17-BB23-C07456C1B547}.Debug|Win32.Build.0 = Debug|Win32
		{099192C2-E389-4D17-BB23-C07456C1B547}.Release|Any CPU.ActiveCfg = Release|Win32
		{099192C2-E389-4D17-BB23-C07456C1B547}.Release|Mixed Platforms.ActiveCfg = Release|Win32
		{099192C2-E389-4D17-BB23-C07456C1B547}.Release|Mixed Platforms.Build.0 = Release|Win32
		{099192C2-E389-4D17-BB23-C07456C1B547}.Release|Win32.ActiveCfg = Release|Win32
		{099192C2-E389-4D17-BB23-C07456C1B547}.Release|Win32.Build.0 = Release|Win32
		{3D0E8125-2291-4582-9B42-B356C3B1E878}.Debug|Any CPU.ActiveCfg = Debug|Win32
		{3D0E8125-2291-4582-9B42-B356C3B1E878}.Debug|Mixed Platforms.ActiveCfg = Debug|Win32
		{3D0E8125-2291-4582-9B42-B356C3B1E878}.Debug|Mixed Platforms.Build.0 = Debug|Win32
		{3D0E8125-2291-4582-9B42-B356C3B1E878}.Debug|Win32.ActiveCfg = Debug|Win32
		{3D0E8125-2291-4582-9B42-B356C3B1E878}.Debug|Win32.Build.0 = Debug|Win32
		{3D0E8125-2291-4582-9B42-B356C3B1E878}.Release|Any CPU.ActiveCfg = Release|Win32
		{3D0E8125-2291-4582-9B42-B356C3B1E878}.Release|Mixed Platforms.ActiveCfg = Release|Win32
		{3D0E8125-2291-4582-9B42-B356C3B1E878}.Release|Mixed Platforms.Build.0 = Release|Win32
		{3D0E8125-2291-4582-9B42-B356C3B1E878}.Release|Win32.ActiveCfg = Release|Win32
		{3D0E8125-2291-4582-9B42-B356C3B1E878}.Release|Win32.Build.0 = Release|Win32
		{AE194D68-E941-47C5-A2AC-05D1836FA529}.Debug|Any CPU.ActiveCfg = Debug|Win32
		{AE194D68-E941-47C5-A2AC-05D1836FA529}.Debug|Mixed Platforms.ActiveCfg = Debug|Win32
		{AE194D68-E941-47C5-A2AC-05D1836FA529}.Debug|Mixed Platforms.Build.0 = Debug|Win32
		{AE194D68-E941-47C5-A2AC-05D1836FA529}.Debug|Win32.ActiveCfg = Debug|Win32
		{AE194D68-E941-47C5-A2AC-05D1836FA529}.Debug|Win32.Build.0 = Debug|Win32
		{AE194D68-E941-47C5-A2AC-05D1836FA529}.Release|Any CPU.ActiveCfg = Release|Win32
		{AE194D68-E941-47C5-A2AC-05D1836FA529}.Release|Mixed Platforms.ActiveCfg = Release|Win32
		{AE194D68-E941-47C5-A2AC-05D1836FA529}.Release|Mixed Platforms.Build.0 = Release|Win32
		{AE194D68-E941-47C5-A2AC-05D1836FA529}.Release|Win32.ActiveCfg = Release|Win32
		{AE194D68-E941-47C5-A2AC-05D1836FA529}.Release|Win32.Build.0 = Release|Win32
		{BDB8E0CF-FF31-4851-8803-B699CC0E51FD}.Debug|Any CPU.ActiveCfg = Debug|Win32
		{BDB8E0CF-FF31-4851-8803-B699CC0E51FD}.Debug|Mixed Platforms.ActiveCfg = Debug|Win32
		{BDB8E0CF-FF31-4851-8803-B699CC0E51FD}.Debug|Mixed Platforms.Build.0 = Debug|Win32
		{BDB8E0CF-FF31-4851-8803-B699CC0E51FD}.Debug|Win32.ActiveCfg = Debug|Win32
		{BDB8E0CF-FF31-4851-8803-B699CC0E51FD}.Debug|Win32.Build.0 = Debug|Win32
		{BDB8E0CF-FF31-4851-8803-B699CC0E51FD}.Release|Any CPU.ActiveCfg = Release|Win32
		{BDB8E0CF-FF31-4851-8803-B699CC0E51FD}.Release|Mixed Platforms.ActiveCfg = Release|Win32
		{BDB8E0CF-FF31-4851-8803-B699CC0E51FD}.Release|Mixed Platforms.Build.0 = Release|Win32
		{BDB8E0CF-FF31-4851-8803-B699CC0E51FD}.Release|Win32.ActiveCfg = Release|Win32
		{BDB8E0CF-FF31-4851-8803-B699CC0E51FD}.Release|Win32.Build.0 = Release|Win32
		{8D08CFA5-8A1C-4E7C-B442-959F5C79CB4E}.Debug|Any CPU.ActiveCfg = Debug|Win32
		{8D08CFA5-8A1C-4E7C-B442-959F5C79CB4E}.Debug|Mixed Platforms.ActiveCfg = Debug|Win32
		{8D08CFA5-8A1C-4E7C-B442-959F5C79CB4E}.Debug|Mixed Platforms.Build.0 = Debug|Win32
		{8D08CFA5-8A1C-4E7C-B442-959F5C79CB4E}.Debug|Win32.ActiveCfg = Debug|Win32
		{8D08CFA5-8A1C-4E7C-B442-959F5C79CB4E}.Debug|Win32.Build.0 = Debug|Win32
		{8D08CFA5-8A1C-4E7C-B442-959F5C79CB4E}.Release|Any CPU.ActiveCfg = Release|Win32
		{8D08CFA5-8A1C-4E7C-B442-959F5C79CB4E}.Release|Mixed Platforms.ActiveCfg = Release|Win32
		{8D08CFA5-8A1C-4E7C-B442-959F5C79CB4E}.Release|Mixed Platforms.Build.0 = Release|Win32
		{8D08CFA5-8A1C-4E7C-B442-959F5C79CB4E}.Release|Win32.ActiveCfg = Release|Win32
		{8D08CFA5-8A1C-4E7C-B442-959F5C79CB4E}.Release|Win32.Build.0 = Release|Win32
		{8BB1A420-2B4D-4002-A104-D924C0767129}.Debug|Any CPU.ActiveCfg = Debug|Win32
		{8BB1A420-2B4D-4002-A104-D924C0767129}.Debug|Mixed Platforms.ActiveCfg = Debug|Win32
		{8BB1A420-2B4D-4002-A104-D924C0767129}.Debug|Mixed Platforms.Build.0 = Debug|Win32
		{8BB1A420-2B4D-4002-A104-D924C0767129}.Debug|Win32.ActiveCfg = Debug|Win32
		{8BB1A420-2B4D-4002-A104-D924C0767129}.Debug|Win32.Build.0 = Debug|Win32
		{8BB1A420-2B4D-4002-A104-D924C0767129}.Release|Any CPU.ActiveCfg = Release|Win32
		{8BB1A420-2B4D-4002-A104-D924C0767129}.Release|Mixed Platforms.ActiveCfg = Release|Win32
		{8BB1A420-2B4D-4002-A104-D924C0767129}.Release|Mixed Platforms.Build.0 = Release|Win32
		{8BB1A420-2B4D-4002-A104-D924C0767129}.Release|Win32.ActiveCfg = Release|Win32
		{8BB1A420-2B4D-4002-A104-D924C0767129}.Release|Win32.Build.0 = Release|Win32
		{4717F253-0C63-47FE-8132-4BE16234670E}.Debug|Any CPU.ActiveCfg = Debug|Win32
		{4717F253-0C63-47FE-8132-4BE16234670E}.Debug|Mixed Platforms.ActiveCfg = Debug|Win32
		{4717F253-0C63-47FE-8132-4BE16234670E}.Debug|Mixed Platforms.Build.0 = Debug|Win32
		{4717F253-0C63-47FE-8132-4BE16234670E}.Debug|Win32.ActiveCfg = Debug|Win32
		{4717F253-0C63-47FE-8132-4BE16234670E}.Debug|Win32.Build.0 = Debug|Win32
		{4717F253-0C63-47FE-8132-4BE16234670E}.Release|Any CPU.ActiveCfg = Release|Win32
		{4717F253-0C63-47FE-8132-4BE16234670E}.Release|Mixed Platforms.ActiveCfg = Release|Win32
		{4717F253-0C63-47FE-8132-4BE16234670E}.Release|Mixed Platforms.Build.0 = Release|Win32
		{4717F253-0C63-47FE-8132-4BE16234670E}.Release|Win32.ActiveCfg = Release|Win32
		{4717F253-0C63-47FE-8132-4BE16234670E}.Release|Win32.Build.0 = Release|Win32
	EndGlobalSection
	GlobalSection(SolutionProperties) = preSolution
		HideSolutionNode = FALSE
	EndGlobalSection
EndGlobal
